// !$*UTF8*$!
{
	archiveVersion = 1;
	classes = {
	};
	objectVersion = 42;
	objects = {

/* Begin PBXAggregateTarget section */
		83D9BE670CD110E90092858D /* Genius-1.7.dmg */ = {
			isa = PBXAggregateTarget;
			buildConfigurationList = 83D9BE6F0CD110F30092858D /* Build configuration list for PBXAggregateTarget "Genius-1.7.dmg" */;
			buildPhases = (
				83D9BED50CD122050092858D /* Create Image */,
				83D9BECF0CD120100092858D /* CopyFiles */,
				83D9BE660CD110E90092858D /* Convert Image */,
			);
			dependencies = (
				83D9BE690CD110EF0092858D /* PBXTargetDependency */,
			);
			name = "Genius-1.7.dmg";
			productName = DiskImage;
		};
		83D9C9780CD8AC7D003B422F /* DeveloperDocs */ = {
			isa = PBXAggregateTarget;
			buildConfigurationList = 83D9C9790CD8AC9C003B422F /* Build configuration list for PBXAggregateTarget "DeveloperDocs" */;
			buildPhases = (
				83D9C9770CD8AC7D003B422F /* ShellScript */,
			);
			dependencies = (
			);
			name = DeveloperDocs;
			productName = DeveloperDocs;
		};
/* End PBXAggregateTarget section */

/* Begin PBXBuildFile section */
		2301C5BF059BEBD2009AE4A0 /* CoreServices.framework in Frameworks */ = {isa = PBXBuildFile; fileRef = 2301C5BE059BEBD2009AE4A0 /* CoreServices.framework */; };
		2318E4100725C16D00726F95 /* GeniusHelpWindowController.m in Sources */ = {isa = PBXBuildFile; fileRef = 2318E40E0725C16D00726F95 /* GeniusHelpWindowController.m */; };
		2318E4110725C16D00726F95 /* GeniusHelpWindowController.h in Headers */ = {isa = PBXBuildFile; fileRef = 2318E40F0725C16D00726F95 /* GeniusHelpWindowController.h */; };
		2318E41F0725C29B00726F95 /* Help.nib in Resources */ = {isa = PBXBuildFile; fileRef = 2318E41D0725C29B00726F95 /* Help.nib */; };
		2318E4220725C29F00726F95 /* Help.rtf in Resources */ = {isa = PBXBuildFile; fileRef = 2318E4200725C29F00726F95 /* Help.rtf */; };
		23227C950725BD1300D09B7F /* GeniusAppDelegate.h in Headers */ = {isa = PBXBuildFile; fileRef = 23227C860725BD1300D09B7F /* GeniusAppDelegate.h */; };
		23227C960725BD1300D09B7F /* GeniusAppDelegate.m in Sources */ = {isa = PBXBuildFile; fileRef = 23227C870725BD1300D09B7F /* GeniusAppDelegate.m */; };
		23227C970725BD1300D09B7F /* GeniusDocument.h in Headers */ = {isa = PBXBuildFile; fileRef = 23227C880725BD1300D09B7F /* GeniusDocument.h */; };
		23227C980725BD1300D09B7F /* GeniusDocument.m in Sources */ = {isa = PBXBuildFile; fileRef = 23227C890725BD1300D09B7F /* GeniusDocument.m */; };
		23227C990725BD1300D09B7F /* GeniusDocumentFile.h in Headers */ = {isa = PBXBuildFile; fileRef = 23227C8A0725BD1300D09B7F /* GeniusDocumentFile.h */; };
		23227C9A0725BD1300D09B7F /* GeniusDocumentFile.m in Sources */ = {isa = PBXBuildFile; fileRef = 23227C8B0725BD1300D09B7F /* GeniusDocumentFile.m */; };
		23227C9B0725BD1300D09B7F /* GeniusDocumentPrivate.h in Headers */ = {isa = PBXBuildFile; fileRef = 23227C8C0725BD1300D09B7F /* GeniusDocumentPrivate.h */; };
		23227C9C0725BD1300D09B7F /* GeniusToolbar.h in Headers */ = {isa = PBXBuildFile; fileRef = 23227C8D0725BD1300D09B7F /* GeniusToolbar.h */; };
		23227C9D0725BD1300D09B7F /* GeniusToolbar.m in Sources */ = {isa = PBXBuildFile; fileRef = 23227C8E0725BD1300D09B7F /* GeniusToolbar.m */; };
		23227C9E0725BD1300D09B7F /* GeniusWelcomePanel.h in Headers */ = {isa = PBXBuildFile; fileRef = 23227C8F0725BD1300D09B7F /* GeniusWelcomePanel.h */; };
		23227C9F0725BD1300D09B7F /* GeniusWelcomePanel.m in Sources */ = {isa = PBXBuildFile; fileRef = 23227C900725BD1300D09B7F /* GeniusWelcomePanel.m */; };
		23227CA00725BD1300D09B7F /* MyQuizController.h in Headers */ = {isa = PBXBuildFile; fileRef = 23227C910725BD1300D09B7F /* MyQuizController.h */; };
		23227CA10725BD1300D09B7F /* MyQuizController.m in Sources */ = {isa = PBXBuildFile; fileRef = 23227C920725BD1300D09B7F /* MyQuizController.m */; };
		23227CA20725BD1300D09B7F /* NSArrayGeniusAdditions.h in Headers */ = {isa = PBXBuildFile; fileRef = 23227C930725BD1300D09B7F /* NSArrayGeniusAdditions.h */; };
		23227CA30725BD1300D09B7F /* NSArrayGeniusAdditions.m in Sources */ = {isa = PBXBuildFile; fileRef = 23227C940725BD1300D09B7F /* NSArrayGeniusAdditions.m */; };
		23227CAD0725BD2000D09B7F /* GeniusAssociationEnumerator.h in Headers */ = {isa = PBXBuildFile; fileRef = 23227CA50725BD2000D09B7F /* GeniusAssociationEnumerator.h */; };
		23227CAE0725BD2000D09B7F /* GeniusAssociationEnumerator.m in Sources */ = {isa = PBXBuildFile; fileRef = 23227CA60725BD2000D09B7F /* GeniusAssociationEnumerator.m */; };
		23227CAF0725BD2000D09B7F /* GeniusItem.h in Headers */ = {isa = PBXBuildFile; fileRef = 23227CA70725BD2000D09B7F /* GeniusItem.h */; };
		23227CB00725BD2000D09B7F /* GeniusItem.m in Sources */ = {isa = PBXBuildFile; fileRef = 23227CA80725BD2000D09B7F /* GeniusItem.m */; };
		23227CB10725BD2000D09B7F /* GeniusPair.h in Headers */ = {isa = PBXBuildFile; fileRef = 23227CA90725BD2000D09B7F /* GeniusPair.h */; };
		23227CB20725BD2000D09B7F /* GeniusPair.m in Sources */ = {isa = PBXBuildFile; fileRef = 23227CAA0725BD2000D09B7F /* GeniusPair.m */; };
		23227CCF0725BD2600D09B7F /* add_idle.tiff in Resources */ = {isa = PBXBuildFile; fileRef = 23227CB90725BD2600D09B7F /* add_idle.tiff */; };
		23227CD00725BD2600D09B7F /* add_pressed.tiff in Resources */ = {isa = PBXBuildFile; fileRef = 23227CBA0725BD2600D09B7F /* add_pressed.tiff */; };
		23227CD60725BD2600D09B7F /* remove_idle.tiff in Resources */ = {isa = PBXBuildFile; fileRef = 23227CC00725BD2600D09B7F /* remove_idle.tiff */; };
		23227CD70725BD2600D09B7F /* remove_pressed.tiff in Resources */ = {isa = PBXBuildFile; fileRef = 23227CC10725BD2600D09B7F /* remove_pressed.tiff */; };
		23227CD80725BD2600D09B7F /* status-green.tiff in Resources */ = {isa = PBXBuildFile; fileRef = 23227CC20725BD2600D09B7F /* status-green.tiff */; };
		23227CD90725BD2600D09B7F /* status-red.tiff in Resources */ = {isa = PBXBuildFile; fileRef = 23227CC30725BD2600D09B7F /* status-red.tiff */; };
		23227CDA0725BD2600D09B7F /* status-yellow.tiff in Resources */ = {isa = PBXBuildFile; fileRef = 23227CC40725BD2600D09B7F /* status-yellow.tiff */; };
		23227CDD0725BD2600D09B7F /* ParagraphStyleFormatter.h in Headers */ = {isa = PBXBuildFile; fileRef = 23227CC70725BD2600D09B7F /* ParagraphStyleFormatter.h */; };
		23227CDE0725BD2600D09B7F /* ParagraphStyleFormatter.m in Sources */ = {isa = PBXBuildFile; fileRef = 23227CC80725BD2600D09B7F /* ParagraphStyleFormatter.m */; };
		23227CE90725BD6100D09B7F /* Genius_Prefix.pch in Headers */ = {isa = PBXBuildFile; fileRef = 23227CE70725BD6100D09B7F /* Genius_Prefix.pch */; };
		23227CEA0725BD6100D09B7F /* main.m in Sources */ = {isa = PBXBuildFile; fileRef = 23227CE80725BD6100D09B7F /* main.m */; };
		23227D0C0725BD7600D09B7F /* Credits.rtf in Resources */ = {isa = PBXBuildFile; fileRef = 23227CEF0725BD7600D09B7F /* Credits.rtf */; };
		23227D0D0725BD7600D09B7F /* GeniusDocument.nib in Resources */ = {isa = PBXBuildFile; fileRef = 23227CF10725BD7600D09B7F /* GeniusDocument.nib */; };
		23227D100725BD7600D09B7F /* InfoPlist.strings in Resources */ = {isa = PBXBuildFile; fileRef = 23227CF70725BD7600D09B7F /* InfoPlist.strings */; };
		23227D110725BD7600D09B7F /* MainMenu.nib in Resources */ = {isa = PBXBuildFile; fileRef = 23227CF90725BD7600D09B7F /* MainMenu.nib */; };
		23227D120725BD7600D09B7F /* Quiz.nib in Resources */ = {isa = PBXBuildFile; fileRef = 23227CFB0725BD7600D09B7F /* Quiz.nib */; };
		23227D1C0725BD7600D09B7F /* Storage Files.icns in Resources */ = {isa = PBXBuildFile; fileRef = 23227D080725BD7600D09B7F /* Storage Files.icns */; };
		23227D260725BDA100D09B7F /* Add.tiff in Resources */ = {isa = PBXBuildFile; fileRef = 23227D1F0725BDA100D09B7F /* Add.tiff */; };
		23227D270725BDA100D09B7F /* Add_Pressed.tiff in Resources */ = {isa = PBXBuildFile; fileRef = 23227D200725BDA100D09B7F /* Add_Pressed.tiff */; };
		23286A760AA2077200EC1FFF /* NSString+Similiarity.m in Sources */ = {isa = PBXBuildFile; fileRef = 23286A740AA2077200EC1FFF /* NSString+Similiarity.m */; };
		23516AB8075EE2CE0020D17E /* GeniusStringDiff.h in Headers */ = {isa = PBXBuildFile; fileRef = 23516AB6075EE2CE0020D17E /* GeniusStringDiff.h */; };
		23516AB9075EE2CE0020D17E /* GeniusStringDiff.m in Sources */ = {isa = PBXBuildFile; fileRef = 23516AB7075EE2CE0020D17E /* GeniusStringDiff.m */; };
		236640550AA2056100888E37 /* IconTextFieldCell.h in Headers */ = {isa = PBXBuildFile; fileRef = 236640460AA2056100888E37 /* IconTextFieldCell.h */; };
		236640560AA2056100888E37 /* IconTextFieldCell.m in Sources */ = {isa = PBXBuildFile; fileRef = 236640470AA2056100888E37 /* IconTextFieldCell.m */; };
		236640570AA2056100888E37 /* LevelIndicator.h in Headers */ = {isa = PBXBuildFile; fileRef = 236640490AA2056100888E37 /* LevelIndicator.h */; };
		236640580AA2056100888E37 /* LevelIndicator.m in Sources */ = {isa = PBXBuildFile; fileRef = 2366404A0AA2056100888E37 /* LevelIndicator.m */; };
		236640590AA2056100888E37 /* progress_back.tiff in Resources */ = {isa = PBXBuildFile; fileRef = 2366404C0AA2056100888E37 /* progress_back.tiff */; };
		2366405A0AA2056100888E37 /* progress_bottom.tiff in Resources */ = {isa = PBXBuildFile; fileRef = 2366404D0AA2056100888E37 /* progress_bottom.tiff */; };
		2366405B0AA2056100888E37 /* progress_fillgreen.tiff in Resources */ = {isa = PBXBuildFile; fileRef = 2366404E0AA2056100888E37 /* progress_fillgreen.tiff */; };
		2366405C0AA2056100888E37 /* progress_left.tiff in Resources */ = {isa = PBXBuildFile; fileRef = 2366404F0AA2056100888E37 /* progress_left.tiff */; };
		2366405D0AA2056100888E37 /* progress_right.tiff in Resources */ = {isa = PBXBuildFile; fileRef = 236640500AA2056100888E37 /* progress_right.tiff */; };
		2366405F0AA2056100888E37 /* SimpleProgressIndicator.h in Headers */ = {isa = PBXBuildFile; fileRef = 236640530AA2056100888E37 /* SimpleProgressIndicator.h */; };
		236640600AA2056100888E37 /* SimpleProgressIndicator.m in Sources */ = {isa = PBXBuildFile; fileRef = 236640540AA2056100888E37 /* SimpleProgressIndicator.m */; };
		237DA3DF07395DD6006B7D4B /* Localizable.strings in Resources */ = {isa = PBXBuildFile; fileRef = 237DA3DE07395DD6006B7D4B /* Localizable.strings */; };
		23A0B4A10B353D4A00801B1A /* NSString+Similiarity.h in Headers */ = {isa = PBXBuildFile; fileRef = 23286A730AA2077200EC1FFF /* NSString+Similiarity.h */; };
		23A0B4A30B353D4D00801B1A /* GeniusPreferencesController.h in Headers */ = {isa = PBXBuildFile; fileRef = 23F818E10B35312B0041656E /* GeniusPreferencesController.h */; };
		23AA22930AA305E6009AF327 /* Genius.icns in Resources */ = {isa = PBXBuildFile; fileRef = 23AA22920AA305E6009AF327 /* Genius.icns */; };
		23B358C4073C0FEC00B89026 /* Release History.rtf in Resources */ = {isa = PBXBuildFile; fileRef = 23B358BC073C0FA700B89026 /* Release History.rtf */; };
		23B358D1073C101900B89026 /* Samples in Resources */ = {isa = PBXBuildFile; fileRef = 23B358C9073C101800B89026 /* Samples */; };
		23B358E6073C5B7D00B89026 /* PreQuiz.nib in Resources */ = {isa = PBXBuildFile; fileRef = 23B358E4073C5B7D00B89026 /* PreQuiz.nib */; };
		23D0B00C0AA1CD560069E6D3 /* play.tiff in Resources */ = {isa = PBXBuildFile; fileRef = 23D0B00B0AA1CD560069E6D3 /* play.tiff */; };
		23D0B2320AA1E65D0069E6D3 /* Inspector.png in Resources */ = {isa = PBXBuildFile; fileRef = 23D0B2310AA1E65D0069E6D3 /* Inspector.png */; };
		23F818E40B35312B0041656E /* GeniusPreferencesController.m in Sources */ = {isa = PBXBuildFile; fileRef = 23F818E20B35312B0041656E /* GeniusPreferencesController.m */; };
		23F818E70B3531390041656E /* Preferences.nib in Resources */ = {isa = PBXBuildFile; fileRef = 23F818E50B3531390041656E /* Preferences.nib */; };
		23F819720B35349D0041656E /* QuizBackdropWindow.h in Headers */ = {isa = PBXBuildFile; fileRef = 23F819700B35349D0041656E /* QuizBackdropWindow.h */; };
		23F819730B35349D0041656E /* QuizBackdropWindow.m in Sources */ = {isa = PBXBuildFile; fileRef = 23F819710B35349D0041656E /* QuizBackdropWindow.m */; };
		23FE373F07494CC00029DD61 /* Information.tiff in Resources */ = {isa = PBXBuildFile; fileRef = 23FE373C07494CC00029DD61 /* Information.tiff */; };
		832389FF0CC39B1C00782903 /* TODO.txt in Resources */ = {isa = PBXBuildFile; fileRef = 832389FE0CC39B1C00782903 /* TODO.txt */; };
		8347AB890CD12DB3005CBAC3 /* Info.plist in Resources */ = {isa = PBXBuildFile; fileRef = 8347AB880CD12DB3005CBAC3 /* Info.plist */; };
		83C26B300CE8ACB700C5EE32 /* GeniusAssociation.h in Headers */ = {isa = PBXBuildFile; fileRef = 83C26B2E0CE8ACB700C5EE32 /* GeniusAssociation.h */; };
		83C26B310CE8ACB700C5EE32 /* GeniusAssociation.m in Sources */ = {isa = PBXBuildFile; fileRef = 83C26B2F0CE8ACB700C5EE32 /* GeniusAssociation.m */; };
		83C26C2B0CE9F50800C5EE32 /* GeniusDocumentFileTest.m in Sources */ = {isa = PBXBuildFile; fileRef = 83C26C2A0CE9F50800C5EE32 /* GeniusDocumentFileTest.m */; };
		83C26DF20CEA20BC00C5EE32 /* GeniusPairTest.m in Sources */ = {isa = PBXBuildFile; fileRef = 83C26DF10CEA20BC00C5EE32 /* GeniusPairTest.m */; };
		83CC1CDB0CD249AC0002FFA8 /* SenTestingKit.framework in Frameworks */ = {isa = PBXBuildFile; fileRef = 83CC1CBD0CD2498C0002FFA8 /* SenTestingKit.framework */; };
		83CC1CEF0CD24A2A0002FFA8 /* GeniusAppDelegateTest.m in Sources */ = {isa = PBXBuildFile; fileRef = 83CC1CEE0CD24A2A0002FFA8 /* GeniusAppDelegateTest.m */; };
		83D9BED20CD121D40092858D /* COPYING.txt in CopyFiles */ = {isa = PBXBuildFile; fileRef = 23AA229A0AA30E31009AF327 /* COPYING.txt */; };
		83D9BED30CD121D70092858D /* Release History.rtf in CopyFiles */ = {isa = PBXBuildFile; fileRef = 23B358BC073C0FA700B89026 /* Release History.rtf */; };
		83D9BED40CD121DA0092858D /* Samples in CopyFiles */ = {isa = PBXBuildFile; fileRef = 23B358C9073C101800B89026 /* Samples */; };
		83D9BED70CD122380092858D /* Genius.app in CopyFiles */ = {isa = PBXBuildFile; fileRef = 8D15AC370486D014006FF6A4 /* Genius.app */; };
		8D15AC340486D014006FF6A4 /* Cocoa.framework in Frameworks */ = {isa = PBXBuildFile; fileRef = 1058C7A7FEA54F5311CA2CBB /* Cocoa.framework */; };
/* End PBXBuildFile section */

/* Begin PBXContainerItemProxy section */
		83AA1D000CDA206F009E7A1A /* PBXContainerItemProxy */ = {
			isa = PBXContainerItemProxy;
			containerPortal = 2A37F4A9FDCFA73011CA2CEA /* Project object */;
			proxyType = 1;
			remoteGlobalIDString = 8D15AC270486D014006FF6A4;
			remoteInfo = Genius;
		};
		83D9BE680CD110EF0092858D /* PBXContainerItemProxy */ = {
			isa = PBXContainerItemProxy;
			containerPortal = 2A37F4A9FDCFA73011CA2CEA /* Project object */;
			proxyType = 1;
			remoteGlobalIDString = 8D15AC270486D014006FF6A4;
			remoteInfo = Genius;
		};
/* End PBXContainerItemProxy section */

/* Begin PBXCopyFilesBuildPhase section */
		83CC19CF0CD1DD5E0002FFA8 /* CopyFiles */ = {
			isa = PBXCopyFilesBuildPhase;
			buildActionMask = 2147483647;
			dstPath = "";
			dstSubfolderSpec = 7;
			files = (
			);
			runOnlyForDeploymentPostprocessing = 0;
		};
		83D9BECF0CD120100092858D /* CopyFiles */ = {
			isa = PBXCopyFilesBuildPhase;
			buildActionMask = 12;
			dstPath = "/Volumes/${PROJECT_NAME}";
			dstSubfolderSpec = 0;
			files = (
				83D9BED70CD122380092858D /* Genius.app in CopyFiles */,
				83D9BED20CD121D40092858D /* COPYING.txt in CopyFiles */,
				83D9BED30CD121D70092858D /* Release History.rtf in CopyFiles */,
				83D9BED40CD121DA0092858D /* Samples in CopyFiles */,
			);
			runOnlyForDeploymentPostprocessing = 0;
		};
/* End PBXCopyFilesBuildPhase section */

/* Begin PBXFileReference section */
		1058C7A7FEA54F5311CA2CBB /* Cocoa.framework */ = {isa = PBXFileReference; lastKnownFileType = wrapper.framework; name = Cocoa.framework; path = /System/Library/Frameworks/Cocoa.framework; sourceTree = "<absolute>"; };
		2301C5BE059BEBD2009AE4A0 /* CoreServices.framework */ = {isa = PBXFileReference; lastKnownFileType = wrapper.framework; name = CoreServices.framework; path = /System/Library/Frameworks/CoreServices.framework; sourceTree = "<absolute>"; };
		2318E40E0725C16D00726F95 /* GeniusHelpWindowController.m */ = {isa = PBXFileReference; fileEncoding = 30; lastKnownFileType = sourcecode.c.objc; name = GeniusHelpWindowController.m; path = app/Resources/GeniusHelpWindowController.m; sourceTree = SOURCE_ROOT; };
		2318E40F0725C16D00726F95 /* GeniusHelpWindowController.h */ = {isa = PBXFileReference; fileEncoding = 30; lastKnownFileType = sourcecode.c.h; name = GeniusHelpWindowController.h; path = app/Resources/GeniusHelpWindowController.h; sourceTree = SOURCE_ROOT; };
		2318E41E0725C29B00726F95 /* English */ = {isa = PBXFileReference; lastKnownFileType = wrapper.nib; name = English; path = English.lproj/Help.nib; sourceTree = "<group>"; };
		2318E4210725C29F00726F95 /* English */ = {isa = PBXFileReference; lastKnownFileType = text.rtf; name = English; path = English.lproj/Help.rtf; sourceTree = "<group>"; };
		23227C860725BD1300D09B7F /* GeniusAppDelegate.h */ = {isa = PBXFileReference; fileEncoding = 30; lastKnownFileType = sourcecode.c.h; path = GeniusAppDelegate.h; sourceTree = "<group>"; };
		23227C870725BD1300D09B7F /* GeniusAppDelegate.m */ = {isa = PBXFileReference; fileEncoding = 30; lastKnownFileType = sourcecode.c.objc; path = GeniusAppDelegate.m; sourceTree = "<group>"; };
		23227C880725BD1300D09B7F /* GeniusDocument.h */ = {isa = PBXFileReference; fileEncoding = 30; lastKnownFileType = sourcecode.c.h; path = GeniusDocument.h; sourceTree = "<group>"; };
		23227C890725BD1300D09B7F /* GeniusDocument.m */ = {isa = PBXFileReference; fileEncoding = 30; lastKnownFileType = sourcecode.c.objc; path = GeniusDocument.m; sourceTree = "<group>"; };
		23227C8A0725BD1300D09B7F /* GeniusDocumentFile.h */ = {isa = PBXFileReference; fileEncoding = 30; lastKnownFileType = sourcecode.c.h; path = GeniusDocumentFile.h; sourceTree = "<group>"; };
		23227C8B0725BD1300D09B7F /* GeniusDocumentFile.m */ = {isa = PBXFileReference; fileEncoding = 30; lastKnownFileType = sourcecode.c.objc; path = GeniusDocumentFile.m; sourceTree = "<group>"; };
		23227C8C0725BD1300D09B7F /* GeniusDocumentPrivate.h */ = {isa = PBXFileReference; fileEncoding = 30; lastKnownFileType = sourcecode.c.h; path = GeniusDocumentPrivate.h; sourceTree = "<group>"; };
		23227C8D0725BD1300D09B7F /* GeniusToolbar.h */ = {isa = PBXFileReference; fileEncoding = 30; lastKnownFileType = sourcecode.c.h; path = GeniusToolbar.h; sourceTree = "<group>"; };
		23227C8E0725BD1300D09B7F /* GeniusToolbar.m */ = {isa = PBXFileReference; fileEncoding = 30; lastKnownFileType = sourcecode.c.objc; path = GeniusToolbar.m; sourceTree = "<group>"; };
		23227C8F0725BD1300D09B7F /* GeniusWelcomePanel.h */ = {isa = PBXFileReference; fileEncoding = 30; lastKnownFileType = sourcecode.c.h; path = GeniusWelcomePanel.h; sourceTree = "<group>"; };
		23227C900725BD1300D09B7F /* GeniusWelcomePanel.m */ = {isa = PBXFileReference; fileEncoding = 30; lastKnownFileType = sourcecode.c.objc; path = GeniusWelcomePanel.m; sourceTree = "<group>"; };
		23227C910725BD1300D09B7F /* MyQuizController.h */ = {isa = PBXFileReference; fileEncoding = 30; lastKnownFileType = sourcecode.c.h; path = MyQuizController.h; sourceTree = "<group>"; };
		23227C920725BD1300D09B7F /* MyQuizController.m */ = {isa = PBXFileReference; fileEncoding = 30; lastKnownFileType = sourcecode.c.objc; path = MyQuizController.m; sourceTree = "<group>"; };
		23227C930725BD1300D09B7F /* NSArrayGeniusAdditions.h */ = {isa = PBXFileReference; fileEncoding = 30; lastKnownFileType = sourcecode.c.h; path = NSArrayGeniusAdditions.h; sourceTree = "<group>"; };
		23227C940725BD1300D09B7F /* NSArrayGeniusAdditions.m */ = {isa = PBXFileReference; fileEncoding = 30; lastKnownFileType = sourcecode.c.objc; path = NSArrayGeniusAdditions.m; sourceTree = "<group>"; };
		23227CA50725BD2000D09B7F /* GeniusAssociationEnumerator.h */ = {isa = PBXFileReference; fileEncoding = 30; lastKnownFileType = sourcecode.c.h; path = GeniusAssociationEnumerator.h; sourceTree = "<group>"; };
		23227CA60725BD2000D09B7F /* GeniusAssociationEnumerator.m */ = {isa = PBXFileReference; fileEncoding = 30; lastKnownFileType = sourcecode.c.objc; path = GeniusAssociationEnumerator.m; sourceTree = "<group>"; };
		23227CA70725BD2000D09B7F /* GeniusItem.h */ = {isa = PBXFileReference; fileEncoding = 30; lastKnownFileType = sourcecode.c.h; path = GeniusItem.h; sourceTree = "<group>"; };
		23227CA80725BD2000D09B7F /* GeniusItem.m */ = {isa = PBXFileReference; fileEncoding = 30; lastKnownFileType = sourcecode.c.objc; path = GeniusItem.m; sourceTree = "<group>"; };
		23227CA90725BD2000D09B7F /* GeniusPair.h */ = {isa = PBXFileReference; fileEncoding = 30; lastKnownFileType = sourcecode.c.h; path = GeniusPair.h; sourceTree = "<group>"; };
		23227CAA0725BD2000D09B7F /* GeniusPair.m */ = {isa = PBXFileReference; fileEncoding = 30; lastKnownFileType = sourcecode.c.objc; path = GeniusPair.m; sourceTree = "<group>"; };
		23227CB90725BD2600D09B7F /* add_idle.tiff */ = {isa = PBXFileReference; lastKnownFileType = image.tiff; path = add_idle.tiff; sourceTree = "<group>"; };
		23227CBA0725BD2600D09B7F /* add_pressed.tiff */ = {isa = PBXFileReference; lastKnownFileType = image.tiff; path = add_pressed.tiff; sourceTree = "<group>"; };
		23227CC00725BD2600D09B7F /* remove_idle.tiff */ = {isa = PBXFileReference; lastKnownFileType = image.tiff; path = remove_idle.tiff; sourceTree = "<group>"; };
		23227CC10725BD2600D09B7F /* remove_pressed.tiff */ = {isa = PBXFileReference; lastKnownFileType = image.tiff; path = remove_pressed.tiff; sourceTree = "<group>"; };
		23227CC20725BD2600D09B7F /* status-green.tiff */ = {isa = PBXFileReference; lastKnownFileType = image.tiff; path = "status-green.tiff"; sourceTree = "<group>"; };
		23227CC30725BD2600D09B7F /* status-red.tiff */ = {isa = PBXFileReference; lastKnownFileType = image.tiff; path = "status-red.tiff"; sourceTree = "<group>"; };
		23227CC40725BD2600D09B7F /* status-yellow.tiff */ = {isa = PBXFileReference; lastKnownFileType = image.tiff; path = "status-yellow.tiff"; sourceTree = "<group>"; };
		23227CC70725BD2600D09B7F /* ParagraphStyleFormatter.h */ = {isa = PBXFileReference; fileEncoding = 30; lastKnownFileType = sourcecode.c.h; path = ParagraphStyleFormatter.h; sourceTree = "<group>"; };
		23227CC80725BD2600D09B7F /* ParagraphStyleFormatter.m */ = {isa = PBXFileReference; fileEncoding = 30; lastKnownFileType = sourcecode.c.objc; path = ParagraphStyleFormatter.m; sourceTree = "<group>"; };
		23227CE70725BD6100D09B7F /* Genius_Prefix.pch */ = {isa = PBXFileReference; fileEncoding = 30; lastKnownFileType = sourcecode.c.h; path = Genius_Prefix.pch; sourceTree = "<group>"; };
		23227CE80725BD6100D09B7F /* main.m */ = {isa = PBXFileReference; fileEncoding = 30; lastKnownFileType = sourcecode.c.objc; path = main.m; sourceTree = "<group>"; };
		23227CF00725BD7600D09B7F /* English */ = {isa = PBXFileReference; lastKnownFileType = text.rtf; name = English; path = English.lproj/Credits.rtf; sourceTree = "<group>"; };
		23227CF20725BD7600D09B7F /* English */ = {isa = PBXFileReference; lastKnownFileType = wrapper.nib; name = English; path = English.lproj/GeniusDocument.nib; sourceTree = "<group>"; };
		23227CF80725BD7600D09B7F /* English */ = {isa = PBXFileReference; fileEncoding = 10; lastKnownFileType = text.plist.strings; name = English; path = English.lproj/InfoPlist.strings; sourceTree = "<group>"; };
		23227CFA0725BD7600D09B7F /* English */ = {isa = PBXFileReference; lastKnownFileType = wrapper.nib; name = English; path = English.lproj/MainMenu.nib; sourceTree = "<group>"; };
		23227CFC0725BD7600D09B7F /* English */ = {isa = PBXFileReference; lastKnownFileType = wrapper.nib; name = English; path = English.lproj/Quiz.nib; sourceTree = "<group>"; };
		23227D080725BD7600D09B7F /* Storage Files.icns */ = {isa = PBXFileReference; lastKnownFileType = image.icns; path = "Storage Files.icns"; sourceTree = "<group>"; };
		23227D1F0725BDA100D09B7F /* Add.tiff */ = {isa = PBXFileReference; lastKnownFileType = image.tiff; path = Add.tiff; sourceTree = "<group>"; };
		23227D200725BDA100D09B7F /* Add_Pressed.tiff */ = {isa = PBXFileReference; lastKnownFileType = image.tiff; path = Add_Pressed.tiff; sourceTree = "<group>"; };
		23286A730AA2077200EC1FFF /* NSString+Similiarity.h */ = {isa = PBXFileReference; fileEncoding = 30; lastKnownFileType = sourcecode.c.h; path = "NSString+Similiarity.h"; sourceTree = "<group>"; };
		23286A740AA2077200EC1FFF /* NSString+Similiarity.m */ = {isa = PBXFileReference; fileEncoding = 30; lastKnownFileType = sourcecode.c.objc; path = "NSString+Similiarity.m"; sourceTree = "<group>"; };
		23516AB6075EE2CE0020D17E /* GeniusStringDiff.h */ = {isa = PBXFileReference; fileEncoding = 30; lastKnownFileType = sourcecode.c.h; path = GeniusStringDiff.h; sourceTree = "<group>"; };
		23516AB7075EE2CE0020D17E /* GeniusStringDiff.m */ = {isa = PBXFileReference; fileEncoding = 30; lastKnownFileType = sourcecode.c.objc; path = GeniusStringDiff.m; sourceTree = "<group>"; };
		236640460AA2056100888E37 /* IconTextFieldCell.h */ = {isa = PBXFileReference; fileEncoding = 30; lastKnownFileType = sourcecode.c.h; path = IconTextFieldCell.h; sourceTree = "<group>"; };
		236640470AA2056100888E37 /* IconTextFieldCell.m */ = {isa = PBXFileReference; fileEncoding = 30; lastKnownFileType = sourcecode.c.objc; path = IconTextFieldCell.m; sourceTree = "<group>"; };
		236640490AA2056100888E37 /* LevelIndicator.h */ = {isa = PBXFileReference; fileEncoding = 30; lastKnownFileType = sourcecode.c.h; path = LevelIndicator.h; sourceTree = "<group>"; };
		2366404A0AA2056100888E37 /* LevelIndicator.m */ = {isa = PBXFileReference; fileEncoding = 30; lastKnownFileType = sourcecode.c.objc; path = LevelIndicator.m; sourceTree = "<group>"; };
		2366404C0AA2056100888E37 /* progress_back.tiff */ = {isa = PBXFileReference; lastKnownFileType = image.tiff; path = progress_back.tiff; sourceTree = "<group>"; };
		2366404D0AA2056100888E37 /* progress_bottom.tiff */ = {isa = PBXFileReference; lastKnownFileType = image.tiff; path = progress_bottom.tiff; sourceTree = "<group>"; };
		2366404E0AA2056100888E37 /* progress_fillgreen.tiff */ = {isa = PBXFileReference; lastKnownFileType = image.tiff; path = progress_fillgreen.tiff; sourceTree = "<group>"; };
		2366404F0AA2056100888E37 /* progress_left.tiff */ = {isa = PBXFileReference; lastKnownFileType = image.tiff; path = progress_left.tiff; sourceTree = "<group>"; };
		236640500AA2056100888E37 /* progress_right.tiff */ = {isa = PBXFileReference; lastKnownFileType = image.tiff; path = progress_right.tiff; sourceTree = "<group>"; };
		236640530AA2056100888E37 /* SimpleProgressIndicator.h */ = {isa = PBXFileReference; fileEncoding = 30; lastKnownFileType = sourcecode.c.h; path = SimpleProgressIndicator.h; sourceTree = "<group>"; };
		236640540AA2056100888E37 /* SimpleProgressIndicator.m */ = {isa = PBXFileReference; fileEncoding = 30; lastKnownFileType = sourcecode.c.objc; path = SimpleProgressIndicator.m; sourceTree = "<group>"; };
		237DA3DC07395DC4006B7D4B /* English */ = {isa = PBXFileReference; fileEncoding = 10; lastKnownFileType = text.plist.strings; name = English; path = English.lproj/Localizable.strings; sourceTree = "<group>"; };
		23AA22920AA305E6009AF327 /* Genius.icns */ = {isa = PBXFileReference; lastKnownFileType = image.icns; path = Genius.icns; sourceTree = "<group>"; };
		23AA229A0AA30E31009AF327 /* COPYING.txt */ = {isa = PBXFileReference; fileEncoding = 30; lastKnownFileType = text; path = COPYING.txt; sourceTree = SOURCE_ROOT; };
		23B358BC073C0FA700B89026 /* Release History.rtf */ = {isa = PBXFileReference; lastKnownFileType = text.rtf; path = "Release History.rtf"; sourceTree = "<group>"; };
		23B358C9073C101800B89026 /* Samples */ = {isa = PBXFileReference; lastKnownFileType = folder; path = Samples; sourceTree = "<group>"; };
		23B358E5073C5B7D00B89026 /* English */ = {isa = PBXFileReference; lastKnownFileType = wrapper.nib; name = English; path = English.lproj/PreQuiz.nib; sourceTree = "<group>"; };
		23D0B00B0AA1CD560069E6D3 /* play.tiff */ = {isa = PBXFileReference; lastKnownFileType = image.tiff; path = play.tiff; sourceTree = "<group>"; };
		23D0B2310AA1E65D0069E6D3 /* Inspector.png */ = {isa = PBXFileReference; lastKnownFileType = image.png; path = Inspector.png; sourceTree = "<group>"; };
		23F818E10B35312B0041656E /* GeniusPreferencesController.h */ = {isa = PBXFileReference; fileEncoding = 30; lastKnownFileType = sourcecode.c.h; path = GeniusPreferencesController.h; sourceTree = "<group>"; };
		23F818E20B35312B0041656E /* GeniusPreferencesController.m */ = {isa = PBXFileReference; fileEncoding = 30; lastKnownFileType = sourcecode.c.objc; path = GeniusPreferencesController.m; sourceTree = "<group>"; };
		23F818E60B3531390041656E /* English */ = {isa = PBXFileReference; lastKnownFileType = wrapper.nib; name = English; path = English.lproj/Preferences.nib; sourceTree = "<group>"; };
		23F819700B35349D0041656E /* QuizBackdropWindow.h */ = {isa = PBXFileReference; fileEncoding = 30; lastKnownFileType = sourcecode.c.h; path = QuizBackdropWindow.h; sourceTree = "<group>"; };
		23F819710B35349D0041656E /* QuizBackdropWindow.m */ = {isa = PBXFileReference; fileEncoding = 30; lastKnownFileType = sourcecode.c.objc; path = QuizBackdropWindow.m; sourceTree = "<group>"; };
		23FE373C07494CC00029DD61 /* Information.tiff */ = {isa = PBXFileReference; lastKnownFileType = image.tiff; path = Information.tiff; sourceTree = "<group>"; };
		2A37F4C4FDCFA73011CA2CEA /* AppKit.framework */ = {isa = PBXFileReference; lastKnownFileType = wrapper.framework; name = AppKit.framework; path = /System/Library/Frameworks/AppKit.framework; sourceTree = "<absolute>"; };
		2A37F4C5FDCFA73011CA2CEA /* Foundation.framework */ = {isa = PBXFileReference; lastKnownFileType = wrapper.framework; name = Foundation.framework; path = /System/Library/Frameworks/Foundation.framework; sourceTree = "<absolute>"; };
		832389FE0CC39B1C00782903 /* TODO.txt */ = {isa = PBXFileReference; fileEncoding = 30; lastKnownFileType = text; path = TODO.txt; sourceTree = "<group>"; };
		8347AB880CD12DB3005CBAC3 /* Info.plist */ = {isa = PBXFileReference; fileEncoding = 30; lastKnownFileType = text.xml; name = Info.plist; path = app/Info.plist; sourceTree = SOURCE_ROOT; };
		83C26B2E0CE8ACB700C5EE32 /* GeniusAssociation.h */ = {isa = PBXFileReference; fileEncoding = 4; lastKnownFileType = sourcecode.c.h; path = GeniusAssociation.h; sourceTree = "<group>"; };
		83C26B2F0CE8ACB700C5EE32 /* GeniusAssociation.m */ = {isa = PBXFileReference; fileEncoding = 4; lastKnownFileType = sourcecode.c.objc; path = GeniusAssociation.m; sourceTree = "<group>"; };
		83C26C2A0CE9F50800C5EE32 /* GeniusDocumentFileTest.m */ = {isa = PBXFileReference; fileEncoding = 4; lastKnownFileType = sourcecode.c.objc; path = GeniusDocumentFileTest.m; sourceTree = "<group>"; };
		83C26DF10CEA20BC00C5EE32 /* GeniusPairTest.m */ = {isa = PBXFileReference; fileEncoding = 4; lastKnownFileType = sourcecode.c.objc; path = GeniusPairTest.m; sourceTree = "<group>"; };
		83CC1CBD0CD2498C0002FFA8 /* SenTestingKit.framework */ = {isa = PBXFileReference; lastKnownFileType = wrapper.framework; name = SenTestingKit.framework; path = /System/Library/Frameworks/SenTestingKit.framework; sourceTree = "<absolute>"; };
		83CC1CD50CD2499B0002FFA8 /* Testing.octest */ = {isa = PBXFileReference; explicitFileType = wrapper.cfbundle; includeInIndex = 0; path = Testing.octest; sourceTree = BUILT_PRODUCTS_DIR; };
		83CC1CD60CD2499B0002FFA8 /* Testing-Info.plist */ = {isa = PBXFileReference; lastKnownFileType = text.xml; path = "Testing-Info.plist"; sourceTree = "<group>"; };
		83CC1CEE0CD24A2A0002FFA8 /* GeniusAppDelegateTest.m */ = {isa = PBXFileReference; fileEncoding = 4; lastKnownFileType = sourcecode.c.objc; path = GeniusAppDelegateTest.m; sourceTree = "<group>"; };
		83D9C9820CD8ADD7003B422F /* doxygen.conf */ = {isa = PBXFileReference; fileEncoding = 30; lastKnownFileType = text; path = doxygen.conf; sourceTree = "<group>"; };
		83D9C9850CD8AE79003B422F /* DeveloperDocs */ = {isa = PBXFileReference; lastKnownFileType = folder; name = DeveloperDocs; path = build/Development/DeveloperDocs; sourceTree = "<group>"; };
		8D15AC370486D014006FF6A4 /* Genius.app */ = {isa = PBXFileReference; explicitFileType = wrapper.application; includeInIndex = 0; path = Genius.app; sourceTree = BUILT_PRODUCTS_DIR; };
/* End PBXFileReference section */

/* Begin PBXFrameworksBuildPhase section */
		83CC1CD20CD2499B0002FFA8 /* Frameworks */ = {
			isa = PBXFrameworksBuildPhase;
			buildActionMask = 2147483647;
			files = (
				83CC1CDB0CD249AC0002FFA8 /* SenTestingKit.framework in Frameworks */,
			);
			runOnlyForDeploymentPostprocessing = 0;
		};
		8D15AC330486D014006FF6A4 /* Frameworks */ = {
			isa = PBXFrameworksBuildPhase;
			buildActionMask = 2147483647;
			files = (
				8D15AC340486D014006FF6A4 /* Cocoa.framework in Frameworks */,
				2301C5BF059BEBD2009AE4A0 /* CoreServices.framework in Frameworks */,
			);
			runOnlyForDeploymentPostprocessing = 0;
		};
/* End PBXFrameworksBuildPhase section */

/* Begin PBXGroup section */
		1058C7A6FEA54F5311CA2CBB /* Linked Frameworks */ = {
			isa = PBXGroup;
			children = (
				83CC1CBD0CD2498C0002FFA8 /* SenTestingKit.framework */,
				2301C5BE059BEBD2009AE4A0 /* CoreServices.framework */,
				1058C7A7FEA54F5311CA2CBB /* Cocoa.framework */,
			);
			name = "Linked Frameworks";
			sourceTree = "<group>";
		};
		1058C7A8FEA54F5311CA2CBB /* Other Frameworks */ = {
			isa = PBXGroup;
			children = (
				2A37F4C5FDCFA73011CA2CEA /* Foundation.framework */,
				2A37F4C4FDCFA73011CA2CEA /* AppKit.framework */,
			);
			name = "Other Frameworks";
			sourceTree = "<group>";
		};
		19C28FB0FE9D524F11CA2CBB /* Products */ = {
			isa = PBXGroup;
			children = (
				83D9C9850CD8AE79003B422F /* DeveloperDocs */,
				8D15AC370486D014006FF6A4 /* Genius.app */,
				83CC1CD50CD2499B0002FFA8 /* Testing.octest */,
			);
			name = Products;
			sourceTree = "<group>";
		};
		23227C850725BD1300D09B7F /* Classes */ = {
			isa = PBXGroup;
			children = (
				23227C860725BD1300D09B7F /* GeniusAppDelegate.h */,
				23227C870725BD1300D09B7F /* GeniusAppDelegate.m */,
				2318E40F0725C16D00726F95 /* GeniusHelpWindowController.h */,
				2318E40E0725C16D00726F95 /* GeniusHelpWindowController.m */,
				23227C880725BD1300D09B7F /* GeniusDocument.h */,
				23227C890725BD1300D09B7F /* GeniusDocument.m */,
				23227C8A0725BD1300D09B7F /* GeniusDocumentFile.h */,
				23227C8B0725BD1300D09B7F /* GeniusDocumentFile.m */,
				23227C8C0725BD1300D09B7F /* GeniusDocumentPrivate.h */,
				23227C8D0725BD1300D09B7F /* GeniusToolbar.h */,
				23227C8E0725BD1300D09B7F /* GeniusToolbar.m */,
				23227C8F0725BD1300D09B7F /* GeniusWelcomePanel.h */,
				23227C900725BD1300D09B7F /* GeniusWelcomePanel.m */,
				23227C910725BD1300D09B7F /* MyQuizController.h */,
				23227C920725BD1300D09B7F /* MyQuizController.m */,
				23227C930725BD1300D09B7F /* NSArrayGeniusAdditions.h */,
				23227C940725BD1300D09B7F /* NSArrayGeniusAdditions.m */,
			);
			name = Classes;
			path = app/Classes;
			sourceTree = "<group>";
		};
		23227CA40725BD2000D09B7F /* model */ = {
			isa = PBXGroup;
			children = (
				23227CA50725BD2000D09B7F /* GeniusAssociationEnumerator.h */,
				23227CA60725BD2000D09B7F /* GeniusAssociationEnumerator.m */,
				23227CA70725BD2000D09B7F /* GeniusItem.h */,
				23227CA80725BD2000D09B7F /* GeniusItem.m */,
				23227CA90725BD2000D09B7F /* GeniusPair.h */,
				23227CAA0725BD2000D09B7F /* GeniusPair.m */,
				83C26B2E0CE8ACB700C5EE32 /* GeniusAssociation.h */,
				83C26B2F0CE8ACB700C5EE32 /* GeniusAssociation.m */,
				23286A720AA2077200EC1FFF /* NSString+Similiarity */,
			);
			path = model;
			sourceTree = "<group>";
		};
		23227CB50725BD2600D09B7F /* widgets */ = {
			isa = PBXGroup;
			children = (
				23F819700B35349D0041656E /* QuizBackdropWindow.h */,
				23F819710B35349D0041656E /* QuizBackdropWindow.m */,
				23227CB80725BD2600D09B7F /* image */,
				23227CC70725BD2600D09B7F /* ParagraphStyleFormatter.h */,
				23227CC80725BD2600D09B7F /* ParagraphStyleFormatter.m */,
				23516AB6075EE2CE0020D17E /* GeniusStringDiff.h */,
				23516AB7075EE2CE0020D17E /* GeniusStringDiff.m */,
				236640450AA2056100888E37 /* IconTextFieldCell */,
				236640480AA2056100888E37 /* LevelIndicator */,
				236640520AA2056100888E37 /* SimpleProgressIndicator */,
			);
			path = widgets;
			sourceTree = "<group>";
		};
		23227CB80725BD2600D09B7F /* image */ = {
			isa = PBXGroup;
			children = (
				23D0B00B0AA1CD560069E6D3 /* play.tiff */,
				23227CB90725BD2600D09B7F /* add_idle.tiff */,
				23227CBA0725BD2600D09B7F /* add_pressed.tiff */,
				23227CC00725BD2600D09B7F /* remove_idle.tiff */,
				23227CC10725BD2600D09B7F /* remove_pressed.tiff */,
				23227CC20725BD2600D09B7F /* status-green.tiff */,
				23227CC30725BD2600D09B7F /* status-red.tiff */,
				23227CC40725BD2600D09B7F /* status-yellow.tiff */,
			);
			path = image;
			sourceTree = "<group>";
		};
		23227CEB0725BD7600D09B7F /* Resources */ = {
			isa = PBXGroup;
			children = (
				23227CEF0725BD7600D09B7F /* Credits.rtf */,
				23227CF90725BD7600D09B7F /* MainMenu.nib */,
				23227CF10725BD7600D09B7F /* GeniusDocument.nib */,
				2318E41D0725C29B00726F95 /* Help.nib */,
				2318E4200725C29F00726F95 /* Help.rtf */,
				23B358E4073C5B7D00B89026 /* PreQuiz.nib */,
				23227CFB0725BD7600D09B7F /* Quiz.nib */,
				23F818E50B3531390041656E /* Preferences.nib */,
				237DA3DE07395DD6006B7D4B /* Localizable.strings */,
				8347AB880CD12DB3005CBAC3 /* Info.plist */,
				23227CF70725BD7600D09B7F /* InfoPlist.strings */,
				23AA22920AA305E6009AF327 /* Genius.icns */,
				23227D080725BD7600D09B7F /* Storage Files.icns */,
				23227D1E0725BDA100D09B7F /* Images */,
			);
			name = Resources;
			path = app/Resources;
			sourceTree = "<group>";
		};
		23227D1E0725BDA100D09B7F /* Images */ = {
			isa = PBXGroup;
			children = (
				23227D1F0725BDA100D09B7F /* Add.tiff */,
				23227D200725BDA100D09B7F /* Add_Pressed.tiff */,
				23D0B2310AA1E65D0069E6D3 /* Inspector.png */,
				23FE373C07494CC00029DD61 /* Information.tiff */,
			);
			path = Images;
			sourceTree = "<group>";
		};
		23286A720AA2077200EC1FFF /* NSString+Similiarity */ = {
			isa = PBXGroup;
			children = (
				23286A730AA2077200EC1FFF /* NSString+Similiarity.h */,
				23286A740AA2077200EC1FFF /* NSString+Similiarity.m */,
			);
			path = "NSString+Similiarity";
			sourceTree = "<group>";
		};
		236640450AA2056100888E37 /* IconTextFieldCell */ = {
			isa = PBXGroup;
			children = (
				236640460AA2056100888E37 /* IconTextFieldCell.h */,
				236640470AA2056100888E37 /* IconTextFieldCell.m */,
			);
			path = IconTextFieldCell;
			sourceTree = "<group>";
		};
		236640480AA2056100888E37 /* LevelIndicator */ = {
			isa = PBXGroup;
			children = (
				236640490AA2056100888E37 /* LevelIndicator.h */,
				2366404A0AA2056100888E37 /* LevelIndicator.m */,
				2366404B0AA2056100888E37 /* LevelIndicator_images */,
			);
			path = LevelIndicator;
			sourceTree = "<group>";
		};
		2366404B0AA2056100888E37 /* LevelIndicator_images */ = {
			isa = PBXGroup;
			children = (
				2366404C0AA2056100888E37 /* progress_back.tiff */,
				2366404D0AA2056100888E37 /* progress_bottom.tiff */,
				2366404E0AA2056100888E37 /* progress_fillgreen.tiff */,
				2366404F0AA2056100888E37 /* progress_left.tiff */,
				236640500AA2056100888E37 /* progress_right.tiff */,
			);
			path = LevelIndicator_images;
			sourceTree = "<group>";
		};
		236640520AA2056100888E37 /* SimpleProgressIndicator */ = {
			isa = PBXGroup;
			children = (
				236640530AA2056100888E37 /* SimpleProgressIndicator.h */,
				236640540AA2056100888E37 /* SimpleProgressIndicator.m */,
			);
			path = SimpleProgressIndicator;
			sourceTree = "<group>";
		};
		23B358BB073C0FA700B89026 /* User Documentation */ = {
			isa = PBXGroup;
			children = (
				23AA229A0AA30E31009AF327 /* COPYING.txt */,
				23B358BC073C0FA700B89026 /* Release History.rtf */,
				23B358C9073C101800B89026 /* Samples */,
			);
			name = "User Documentation";
			path = UserDocs;
			sourceTree = "<group>";
		};
		23F818E00B35312B0041656E /* prefs */ = {
			isa = PBXGroup;
			children = (
				23F818E10B35312B0041656E /* GeniusPreferencesController.h */,
				23F818E20B35312B0041656E /* GeniusPreferencesController.m */,
			);
			path = prefs;
			sourceTree = "<group>";
		};
		2A37F4AAFDCFA73011CA2CEA /* Genius */ = {
			isa = PBXGroup;
			children = (
				832389FE0CC39B1C00782903 /* TODO.txt */,
				23227C850725BD1300D09B7F /* Classes */,
				23227CA40725BD2000D09B7F /* model */,
				23227CB50725BD2600D09B7F /* widgets */,
				23F818E00B35312B0041656E /* prefs */,
				2A37F4AFFDCFA73011CA2CEA /* Other Sources */,
				23227CEB0725BD7600D09B7F /* Resources */,
				23B358BB073C0FA700B89026 /* User Documentation */,
				2A37F4C3FDCFA73011CA2CEA /* Frameworks */,
				83CC1CDD0CD249BF0002FFA8 /* TestCases */,
				83D9C97F0CD8AD8E003B422F /* Developer Docs */,
				19C28FB0FE9D524F11CA2CBB /* Products */,
			);
			name = Genius;
			sourceTree = "<group>";
		};
		2A37F4AFFDCFA73011CA2CEA /* Other Sources */ = {
			isa = PBXGroup;
			children = (
				23227CE70725BD6100D09B7F /* Genius_Prefix.pch */,
				23227CE80725BD6100D09B7F /* main.m */,
			);
			name = "Other Sources";
			path = app;
			sourceTree = "<group>";
		};
		2A37F4C3FDCFA73011CA2CEA /* Frameworks */ = {
			isa = PBXGroup;
			children = (
				1058C7A6FEA54F5311CA2CBB /* Linked Frameworks */,
				1058C7A8FEA54F5311CA2CBB /* Other Frameworks */,
			);
			name = Frameworks;
			sourceTree = "<group>";
		};
		83CC1CDD0CD249BF0002FFA8 /* TestCases */ = {
			isa = PBXGroup;
			children = (
				83CC1CD60CD2499B0002FFA8 /* Testing-Info.plist */,
				83CC1CEE0CD24A2A0002FFA8 /* GeniusAppDelegateTest.m */,
				83C26C2A0CE9F50800C5EE32 /* GeniusDocumentFileTest.m */,
				83C26DF10CEA20BC00C5EE32 /* GeniusPairTest.m */,
			);
			path = TestCases;
			sourceTree = "<group>";
		};
		83D9C97F0CD8AD8E003B422F /* Developer Docs */ = {
			isa = PBXGroup;
			children = (
				83D9C9820CD8ADD7003B422F /* doxygen.conf */,
			);
			name = "Developer Docs";
			sourceTree = "<group>";
		};
/* End PBXGroup section */

/* Begin PBXHeadersBuildPhase section */
		8D15AC280486D014006FF6A4 /* Headers */ = {
			isa = PBXHeadersBuildPhase;
			buildActionMask = 2147483647;
			files = (
				23227C950725BD1300D09B7F /* GeniusAppDelegate.h in Headers */,
				23227C970725BD1300D09B7F /* GeniusDocument.h in Headers */,
				23227C990725BD1300D09B7F /* GeniusDocumentFile.h in Headers */,
				23227C9B0725BD1300D09B7F /* GeniusDocumentPrivate.h in Headers */,
				23227C9C0725BD1300D09B7F /* GeniusToolbar.h in Headers */,
				23227C9E0725BD1300D09B7F /* GeniusWelcomePanel.h in Headers */,
				23227CA00725BD1300D09B7F /* MyQuizController.h in Headers */,
				23227CA20725BD1300D09B7F /* NSArrayGeniusAdditions.h in Headers */,
				23227CAD0725BD2000D09B7F /* GeniusAssociationEnumerator.h in Headers */,
				23227CAF0725BD2000D09B7F /* GeniusItem.h in Headers */,
				23227CB10725BD2000D09B7F /* GeniusPair.h in Headers */,
				23227CDD0725BD2600D09B7F /* ParagraphStyleFormatter.h in Headers */,
				23227CE90725BD6100D09B7F /* Genius_Prefix.pch in Headers */,
				2318E4110725C16D00726F95 /* GeniusHelpWindowController.h in Headers */,
				23516AB8075EE2CE0020D17E /* GeniusStringDiff.h in Headers */,
				236640550AA2056100888E37 /* IconTextFieldCell.h in Headers */,
				236640570AA2056100888E37 /* LevelIndicator.h in Headers */,
				2366405F0AA2056100888E37 /* SimpleProgressIndicator.h in Headers */,
				23F819720B35349D0041656E /* QuizBackdropWindow.h in Headers */,
				23A0B4A10B353D4A00801B1A /* NSString+Similiarity.h in Headers */,
				23A0B4A30B353D4D00801B1A /* GeniusPreferencesController.h in Headers */,
				83C26B300CE8ACB700C5EE32 /* GeniusAssociation.h in Headers */,
			);
			runOnlyForDeploymentPostprocessing = 0;
		};
/* End PBXHeadersBuildPhase section */

/* Begin PBXNativeTarget section */
		83CC1CD40CD2499B0002FFA8 /* Testing */ = {
			isa = PBXNativeTarget;
			buildConfigurationList = 83CC1CD70CD2499C0002FFA8 /* Build configuration list for PBXNativeTarget "Testing" */;
			buildPhases = (
				83CC1CD00CD2499B0002FFA8 /* Resources */,
				83CC1CD10CD2499B0002FFA8 /* Sources */,
				83CC1CD20CD2499B0002FFA8 /* Frameworks */,
				83CC1CD30CD2499B0002FFA8 /* ShellScript */,
			);
			buildRules = (
			);
			dependencies = (
				83AA1D010CDA206F009E7A1A /* PBXTargetDependency */,
			);
			name = Testing;
			productName = Test;
			productReference = 83CC1CD50CD2499B0002FFA8 /* Testing.octest */;
			productType = "com.apple.product-type.bundle";
		};
		8D15AC270486D014006FF6A4 /* Genius */ = {
			isa = PBXNativeTarget;
			buildConfigurationList = 23D0AFE40AA1C7F50069E6D3 /* Build configuration list for PBXNativeTarget "Genius" */;
			buildPhases = (
				8D15AC280486D014006FF6A4 /* Headers */,
				8D15AC2B0486D014006FF6A4 /* Resources */,
				8D15AC300486D014006FF6A4 /* Sources */,
				8D15AC330486D014006FF6A4 /* Frameworks */,
				83CC19CF0CD1DD5E0002FFA8 /* CopyFiles */,
			);
			buildRules = (
			);
			dependencies = (
			);
			name = Genius;
			productInstallPath = "$(HOME)/Applications";
			productName = "Vocab-O-Matic";
			productReference = 8D15AC370486D014006FF6A4 /* Genius.app */;
			productType = "com.apple.product-type.application";
		};
/* End PBXNativeTarget section */

/* Begin PBXProject section */
		2A37F4A9FDCFA73011CA2CEA /* Project object */ = {
			isa = PBXProject;
			buildConfigurationList = 23D0AFE80AA1C7F50069E6D3 /* Build configuration list for PBXProject "Genius" */;
			hasScannedForEncodings = 1;
			mainGroup = 2A37F4AAFDCFA73011CA2CEA /* Genius */;
			projectDirPath = "";
			projectRoot = "";
			targets = (
				8D15AC270486D014006FF6A4 /* Genius */,
				83D9BE670CD110E90092858D /* Genius-1.7.dmg */,
				83CC1CD40CD2499B0002FFA8 /* Testing */,
				83D9C9780CD8AC7D003B422F /* DeveloperDocs */,
			);
		};
/* End PBXProject section */

/* Begin PBXResourcesBuildPhase section */
		83CC1CD00CD2499B0002FFA8 /* Resources */ = {
			isa = PBXResourcesBuildPhase;
			buildActionMask = 2147483647;
			files = (
			);
			runOnlyForDeploymentPostprocessing = 0;
		};
		8D15AC2B0486D014006FF6A4 /* Resources */ = {
			isa = PBXResourcesBuildPhase;
			buildActionMask = 2147483647;
			files = (
				23227CCF0725BD2600D09B7F /* add_idle.tiff in Resources */,
				23227CD00725BD2600D09B7F /* add_pressed.tiff in Resources */,
				23227CD60725BD2600D09B7F /* remove_idle.tiff in Resources */,
				23227CD70725BD2600D09B7F /* remove_pressed.tiff in Resources */,
				23227CD80725BD2600D09B7F /* status-green.tiff in Resources */,
				23227CD90725BD2600D09B7F /* status-red.tiff in Resources */,
				23227CDA0725BD2600D09B7F /* status-yellow.tiff in Resources */,
				23227D0C0725BD7600D09B7F /* Credits.rtf in Resources */,
				23227D0D0725BD7600D09B7F /* GeniusDocument.nib in Resources */,
				23227D100725BD7600D09B7F /* InfoPlist.strings in Resources */,
				23227D110725BD7600D09B7F /* MainMenu.nib in Resources */,
				23227D120725BD7600D09B7F /* Quiz.nib in Resources */,
				23227D1C0725BD7600D09B7F /* Storage Files.icns in Resources */,
				23227D260725BDA100D09B7F /* Add.tiff in Resources */,
				23227D270725BDA100D09B7F /* Add_Pressed.tiff in Resources */,
				2318E41F0725C29B00726F95 /* Help.nib in Resources */,
				2318E4220725C29F00726F95 /* Help.rtf in Resources */,
				237DA3DF07395DD6006B7D4B /* Localizable.strings in Resources */,
				23B358C4073C0FEC00B89026 /* Release History.rtf in Resources */,
				23B358D1073C101900B89026 /* Samples in Resources */,
				23B358E6073C5B7D00B89026 /* PreQuiz.nib in Resources */,
				23FE373F07494CC00029DD61 /* Information.tiff in Resources */,
				23D0B00C0AA1CD560069E6D3 /* play.tiff in Resources */,
				23D0B2320AA1E65D0069E6D3 /* Inspector.png in Resources */,
				236640590AA2056100888E37 /* progress_back.tiff in Resources */,
				2366405A0AA2056100888E37 /* progress_bottom.tiff in Resources */,
				2366405B0AA2056100888E37 /* progress_fillgreen.tiff in Resources */,
				2366405C0AA2056100888E37 /* progress_left.tiff in Resources */,
				2366405D0AA2056100888E37 /* progress_right.tiff in Resources */,
				23AA22930AA305E6009AF327 /* Genius.icns in Resources */,
				23F818E70B3531390041656E /* Preferences.nib in Resources */,
				832389FF0CC39B1C00782903 /* TODO.txt in Resources */,
				8347AB890CD12DB3005CBAC3 /* Info.plist in Resources */,
			);
			runOnlyForDeploymentPostprocessing = 0;
		};
/* End PBXResourcesBuildPhase section */

/* Begin PBXShellScriptBuildPhase section */
		83CC1CD30CD2499B0002FFA8 /* ShellScript */ = {
			isa = PBXShellScriptBuildPhase;
			buildActionMask = 2147483647;
			files = (
			);
			inputPaths = (
			);
			outputPaths = (
			);
			runOnlyForDeploymentPostprocessing = 0;
			shellPath = /bin/sh;
			shellScript = "# Run the unit tests in this test bundle.\n\"${SYSTEM_DEVELOPER_DIR}/Tools/RunUnitTests\"\n";
		};
		83D9BE660CD110E90092858D /* Convert Image */ = {
			isa = PBXShellScriptBuildPhase;
			buildActionMask = 12;
			files = (
			);
			inputPaths = (
			);
			name = "Convert Image";
			outputPaths = (
			);
			runOnlyForDeploymentPostprocessing = 0;
			shellPath = /bin/bash;
			shellScript = "# unmount image\nhdiutil detach /Volumes/${PROJECT_NAME}\n\n# convert to read only compressed archive leaving the result in build root.\nhdiutil convert -ov -format UDZO -o ${BUILT_PRODUCTS_DIR}/${TARGETNAME} ${DERIVED_FILE_DIR}/${PROJECT_NAME}.dmg\n\nexit 0";
		};
		83D9BED50CD122050092858D /* Create Image */ = {
			isa = PBXShellScriptBuildPhase;
			buildActionMask = 2147483647;
			files = (
			);
			inputPaths = (
			);
			name = "Create Image";
			outputPaths = (
				"${DERIVED_FILE_DIR}/${PROJECT_NAME}.dmg",
			);
			runOnlyForDeploymentPostprocessing = 0;
			shellPath = /bin/bash;
			shellScript = "# check for and try to clean up leftovers\nif test -e /Volumes/${PROJECT_NAME}; then\n\tif ! hdiutil detach /Volumes/${PROJECT_NAME}; then\n\t\techo \"error: Can't unmount volume /Volumes/${PROJECT_NAME}\" 1>&2\n\t\tif ! hdiutil info | grep -q /Volumes/Genius; then\n\t\t\techo \"error: Please move /Volumes/${PROJECT_NAME} elsewhere.  It doesn't seem to be a mounted image.\" 1>&2\n\t\telse\n\t\t\techo \"error: Please unmount /Volumes/${PROJECT_NAME} yourself.  The volume is busy.\" 1>&2\n\t\tfi\n\t\texit -1;\n\tfi\nfi\n\n# Create new empty image\nif ! hdiutil create -ov -size 5m -fs HFS+ -type UDIF -volname ${PROJECT_NAME} ${DERIVED_FILE_DIR}/${PROJECT_NAME}.dmg; then\n\techo \"error: Can't create dmg ${DERIVED_FILE_DIR}/${PROJECT_NAME}.dmg\" 1>&2\n\texit -1;\nfi\n\n# attach new empty image\nif ! hdiutil attach -mountpoint /Volumes/${PROJECT_NAME} ${DERIVED_FILE_DIR}/${PROJECT_NAME}.dmg; then\n\techo \"error: Can't mount volume /Volumes/${PROJECT_NAME}\" 1>&2\n\texit -1;\nfi\n\n# Populate the new empty image\n# create the background image directory and copy in the background image\nmkdir /Volumes/${PROJECT_NAME}/.background\ncp ${PROJECT_DIR}/packaging/background.png /Volumes/${PROJECT_NAME}/.background/background.png\n\n# include a link to the applications directory\nln -s /Applications /Volumes/${PROJECT_NAME}/Applications\n\n# copy in the layout file which positions the items in the icon view\ncp ${PROJECT_DIR}/packaging/DS_Store /Volumes/${PROJECT_NAME}/.DS_Store\n\nexit 0";
		};
		83D9C9770CD8AC7D003B422F /* ShellScript */ = {
			isa = PBXShellScriptBuildPhase;
			buildActionMask = 2147483647;
			files = (
			);
			inputPaths = (
			);
			outputPaths = (
			);
			runOnlyForDeploymentPostprocessing = 0;
			shellPath = /bin/bash;
			shellScript = "if [ \"$DOXY_HOME\" = \"\" ]; then\n\techo \"error: DOXY_HOME not set.  Can't generate documentation.\" 1>&2\n\texit -1\nfi\n\nif [ -e ${DOXY_HOME}/doxygen ]; then\n\t${DOXY_HOME}/doxygen ${PROJECT_DIR}/doxygen.conf\nelse\n\techo \"error: 'doxygen' executable not found.  Can't generate documentation. Check DOXY_HOME setting.\"  1>&2\n\texit -1\nfi\n\nexit 0\n\n";
		};
/* End PBXShellScriptBuildPhase section */

/* Begin PBXSourcesBuildPhase section */
		83CC1CD10CD2499B0002FFA8 /* Sources */ = {
			isa = PBXSourcesBuildPhase;
			buildActionMask = 2147483647;
			files = (
				83CC1CEF0CD24A2A0002FFA8 /* GeniusAppDelegateTest.m in Sources */,
				83C26C2B0CE9F50800C5EE32 /* GeniusDocumentFileTest.m in Sources */,
				83C26DF20CEA20BC00C5EE32 /* GeniusPairTest.m in Sources */,
			);
			runOnlyForDeploymentPostprocessing = 0;
		};
		8D15AC300486D014006FF6A4 /* Sources */ = {
			isa = PBXSourcesBuildPhase;
			buildActionMask = 2147483647;
			files = (
				23227C960725BD1300D09B7F /* GeniusAppDelegate.m in Sources */,
				23227C980725BD1300D09B7F /* GeniusDocument.m in Sources */,
				23227C9A0725BD1300D09B7F /* GeniusDocumentFile.m in Sources */,
				23227C9D0725BD1300D09B7F /* GeniusToolbar.m in Sources */,
				23227C9F0725BD1300D09B7F /* GeniusWelcomePanel.m in Sources */,
				23227CA10725BD1300D09B7F /* MyQuizController.m in Sources */,
				23227CA30725BD1300D09B7F /* NSArrayGeniusAdditions.m in Sources */,
				23227CAE0725BD2000D09B7F /* GeniusAssociationEnumerator.m in Sources */,
				23227CB00725BD2000D09B7F /* GeniusItem.m in Sources */,
				23227CB20725BD2000D09B7F /* GeniusPair.m in Sources */,
				23227CDE0725BD2600D09B7F /* ParagraphStyleFormatter.m in Sources */,
				23227CEA0725BD6100D09B7F /* main.m in Sources */,
				2318E4100725C16D00726F95 /* GeniusHelpWindowController.m in Sources */,
				23516AB9075EE2CE0020D17E /* GeniusStringDiff.m in Sources */,
				236640560AA2056100888E37 /* IconTextFieldCell.m in Sources */,
				236640580AA2056100888E37 /* LevelIndicator.m in Sources */,
				236640600AA2056100888E37 /* SimpleProgressIndicator.m in Sources */,
				23286A760AA2077200EC1FFF /* NSString+Similiarity.m in Sources */,
				23F818E40B35312B0041656E /* GeniusPreferencesController.m in Sources */,
				23F819730B35349D0041656E /* QuizBackdropWindow.m in Sources */,
				83C26B310CE8ACB700C5EE32 /* GeniusAssociation.m in Sources */,
			);
			runOnlyForDeploymentPostprocessing = 0;
		};
/* End PBXSourcesBuildPhase section */

/* Begin PBXTargetDependency section */
		83AA1D010CDA206F009E7A1A /* PBXTargetDependency */ = {
			isa = PBXTargetDependency;
			target = 8D15AC270486D014006FF6A4 /* Genius */;
			targetProxy = 83AA1D000CDA206F009E7A1A /* PBXContainerItemProxy */;
		};
		83D9BE690CD110EF0092858D /* PBXTargetDependency */ = {
			isa = PBXTargetDependency;
			target = 8D15AC270486D014006FF6A4 /* Genius */;
			targetProxy = 83D9BE680CD110EF0092858D /* PBXContainerItemProxy */;
		};
/* End PBXTargetDependency section */

/* Begin PBXVariantGroup section */
		2318E41D0725C29B00726F95 /* Help.nib */ = {
			isa = PBXVariantGroup;
			children = (
				2318E41E0725C29B00726F95 /* English */,
			);
			name = Help.nib;
			sourceTree = "<group>";
		};
		2318E4200725C29F00726F95 /* Help.rtf */ = {
			isa = PBXVariantGroup;
			children = (
				2318E4210725C29F00726F95 /* English */,
			);
			name = Help.rtf;
			sourceTree = "<group>";
		};
		23227CEF0725BD7600D09B7F /* Credits.rtf */ = {
			isa = PBXVariantGroup;
			children = (
				23227CF00725BD7600D09B7F /* English */,
			);
			name = Credits.rtf;
			sourceTree = "<group>";
		};
		23227CF10725BD7600D09B7F /* GeniusDocument.nib */ = {
			isa = PBXVariantGroup;
			children = (
				23227CF20725BD7600D09B7F /* English */,
			);
			name = GeniusDocument.nib;
			sourceTree = "<group>";
		};
		23227CF70725BD7600D09B7F /* InfoPlist.strings */ = {
			isa = PBXVariantGroup;
			children = (
				23227CF80725BD7600D09B7F /* English */,
			);
			name = InfoPlist.strings;
			sourceTree = "<group>";
		};
		23227CF90725BD7600D09B7F /* MainMenu.nib */ = {
			isa = PBXVariantGroup;
			children = (
				23227CFA0725BD7600D09B7F /* English */,
			);
			name = MainMenu.nib;
			sourceTree = "<group>";
		};
		23227CFB0725BD7600D09B7F /* Quiz.nib */ = {
			isa = PBXVariantGroup;
			children = (
				23227CFC0725BD7600D09B7F /* English */,
			);
			name = Quiz.nib;
			sourceTree = "<group>";
		};
		237DA3DE07395DD6006B7D4B /* Localizable.strings */ = {
			isa = PBXVariantGroup;
			children = (
				237DA3DC07395DC4006B7D4B /* English */,
			);
			name = Localizable.strings;
			sourceTree = "<group>";
		};
		23B358E4073C5B7D00B89026 /* PreQuiz.nib */ = {
			isa = PBXVariantGroup;
			children = (
				23B358E5073C5B7D00B89026 /* English */,
			);
			name = PreQuiz.nib;
			sourceTree = "<group>";
		};
		23F818E50B3531390041656E /* Preferences.nib */ = {
			isa = PBXVariantGroup;
			children = (
				23F818E60B3531390041656E /* English */,
			);
			name = Preferences.nib;
			sourceTree = "<group>";
		};
/* End PBXVariantGroup section */

/* Begin XCBuildConfiguration section */
		23D0AFE50AA1C7F50069E6D3 /* Development */ = {
			isa = XCBuildConfiguration;
			buildSettings = {
				ARCHS = (
					ppc,
					i386,
				);
				COPY_PHASE_STRIP = NO;
				DEBUGGING_SYMBOLS = YES;
				FRAMEWORK_SEARCH_PATHS = "";
				GCC_DYNAMIC_NO_PIC = NO;
				GCC_ENABLE_FIX_AND_CONTINUE = YES;
				GCC_ENABLE_TRIGRAPHS = NO;
				GCC_GENERATE_DEBUGGING_SYMBOLS = YES;
				GCC_PRECOMPILE_PREFIX_HEADER = YES;
				GCC_PREFIX_HEADER = app/Genius_Prefix.pch;
				GCC_WARN_ABOUT_MISSING_PROTOTYPES = NO;
				GCC_WARN_FOUR_CHARACTER_CONSTANTS = NO;
				GCC_WARN_UNKNOWN_PRAGMAS = NO;
				HEADER_SEARCH_PATHS = "";
				INFOPLIST_FILE = app/Info.plist;
				INSTALL_PATH = "$(HOME)/Applications";
				LIBRARY_SEARCH_PATHS = "";
				OPTIMIZATION_CFLAGS = "-O0";
				OTHER_CFLAGS = "-DDEBUG=1";
				OTHER_LDFLAGS = "";
				"Optimization level" = 0;
				PRODUCT_NAME = Genius;
				SECTORDER_FLAGS = "";
				WARNING_CFLAGS = (
					"-Wmost",
					"-Wno-four-char-constants",
					"-Wno-unknown-pragmas",
				);
				WRAPPER_EXTENSION = app;
			};
			name = Development;
		};
		23D0AFE60AA1C7F50069E6D3 /* Deployment */ = {
			isa = XCBuildConfiguration;
			buildSettings = {
				ARCHS = (
					ppc,
					i386,
				);
				COPY_PHASE_STRIP = YES;
				FRAMEWORK_SEARCH_PATHS = "";
				GCC_ENABLE_FIX_AND_CONTINUE = NO;
				GCC_ENABLE_TRIGRAPHS = NO;
				GCC_GENERATE_DEBUGGING_SYMBOLS = NO;
				GCC_PRECOMPILE_PREFIX_HEADER = YES;
				GCC_PREFIX_HEADER = app/Genius_Prefix.pch;
				GCC_WARN_ABOUT_MISSING_PROTOTYPES = NO;
				GCC_WARN_FOUR_CHARACTER_CONSTANTS = NO;
				GCC_WARN_UNKNOWN_PRAGMAS = NO;
				HEADER_SEARCH_PATHS = "";
				INFOPLIST_FILE = app/Info.plist;
				INSTALL_PATH = "$(HOME)/Applications";
				LIBRARY_SEARCH_PATHS = "";
				OTHER_CFLAGS = "";
				OTHER_LDFLAGS = "";
				PRODUCT_NAME = Genius;
				SECTORDER_FLAGS = "";
				WARNING_CFLAGS = (
					"-Wmost",
					"-Wno-four-char-constants",
					"-Wno-unknown-pragmas",
				);
				WRAPPER_EXTENSION = app;
			};
			name = Deployment;
		};
		23D0AFE90AA1C7F50069E6D3 /* Development */ = {
			isa = XCBuildConfiguration;
			buildSettings = {
				DOXY_HOME = "${LOCAL_APPS_DIR}/Doxygen.app/Contents/Resources/";
				MACOSX_DEPLOYMENT_TARGET = 10.4;
				SDKROOT = /Developer/SDKs/MacOSX10.4u.sdk;
				SVNREV = development;
				ZERO_LINK = NO;
			};
			name = Development;
		};
		23D0AFEA0AA1C7F50069E6D3 /* Deployment */ = {
			isa = XCBuildConfiguration;
			buildSettings = {
				DOXY_HOME = "${LOCAL_APPS_DIR}/Doxygen.app/Contents/Resources/";
				MACOSX_DEPLOYMENT_TARGET = 10.4;
				PREBINDING = NO;
				SDKROOT = /Developer/SDKs/MacOSX10.4u.sdk;
				SVNREV = development;
			};
			name = Deployment;
		};
		83CC1CD80CD2499C0002FFA8 /* Development */ = {
			isa = XCBuildConfiguration;
			buildSettings = {
				BUNDLE_LOADER = "$(BUILT_PRODUCTS_DIR)/Genius.app/Contents/MacOS/Genius";
				COPY_PHASE_STRIP = NO;
				FRAMEWORK_SEARCH_PATHS = (
					"$(value)",
					"$(DEVELOPER_FRAMEWORKS_DIR_QUOTED)",
				);
				GCC_DYNAMIC_NO_PIC = NO;
				GCC_ENABLE_FIX_AND_CONTINUE = NO;
				GCC_ENABLE_OBJC_EXCEPTIONS = YES;
				GCC_GENERATE_DEBUGGING_SYMBOLS = YES;
				GCC_MODEL_TUNING = G5;
				GCC_OPTIMIZATION_LEVEL = 0;
				GCC_PRECOMPILE_PREFIX_HEADER = YES;
				GCC_PREFIX_HEADER = "$(SYSTEM_LIBRARY_DIR)/Frameworks/Cocoa.framework/Headers/Cocoa.h";
				INFOPLIST_FILE = "TestCases/Testing-Info.plist";
				INSTALL_PATH = "$(USER_LIBRARY_DIR)/Bundles";
				OTHER_LDFLAGS = (
					"-framework",
					Cocoa,
					"-framework",
					SenTestingKit,
				);
				PREBINDING = NO;
				PRODUCT_NAME = Testing;
				TEST_HOST = "$(BUNDLE_LOADER)";
				WRAPPER_EXTENSION = octest;
				ZERO_LINK = NO;
			};
			name = Development;
		};
		83CC1CD90CD2499C0002FFA8 /* Deployment */ = {
			isa = XCBuildConfiguration;
			buildSettings = {
				BUNDLE_LOADER = "$(BUILT_PRODUCTS_DIR)/Genius.app/Contents/MacOS/Genius";
				COPY_PHASE_STRIP = YES;
				FRAMEWORK_SEARCH_PATHS = (
					"$(value)",
					"$(DEVELOPER_FRAMEWORKS_DIR_QUOTED)",
				);
				GCC_ENABLE_FIX_AND_CONTINUE = NO;
				GCC_ENABLE_OBJC_EXCEPTIONS = YES;
				GCC_GENERATE_DEBUGGING_SYMBOLS = NO;
				GCC_MODEL_TUNING = G5;
				GCC_PRECOMPILE_PREFIX_HEADER = YES;
				GCC_PREFIX_HEADER = "$(SYSTEM_LIBRARY_DIR)/Frameworks/Cocoa.framework/Headers/Cocoa.h";
				INFOPLIST_FILE = "TestCases/Testing-Info.plist";
				INSTALL_PATH = "$(USER_LIBRARY_DIR)/Bundles";
				OTHER_LDFLAGS = (
					"-framework",
					Cocoa,
					"-framework",
					SenTestingKit,
				);
				PREBINDING = NO;
				PRODUCT_NAME = Testing;
				TEST_HOST = "$(BUNDLE_LOADER)";
				WRAPPER_EXTENSION = octest;
				ZERO_LINK = NO;
			};
			name = Deployment;
		};
		83D9BE700CD110F30092858D /* Development */ = {
			isa = XCBuildConfiguration;
			buildSettings = {
				COPY_PHASE_STRIP = NO;
				GCC_DYNAMIC_NO_PIC = NO;
				GCC_GENERATE_DEBUGGING_SYMBOLS = YES;
				GCC_OPTIMIZATION_LEVEL = 0;
				PRODUCT_NAME = DiskImage;
			};
			name = Development;
		};
		83D9BE710CD110F30092858D /* Deployment */ = {
			isa = XCBuildConfiguration;
			buildSettings = {
				COPY_PHASE_STRIP = YES;
				GCC_ENABLE_FIX_AND_CONTINUE = NO;
				GCC_GENERATE_DEBUGGING_SYMBOLS = NO;
				PRODUCT_NAME = DiskImage;
				ZERO_LINK = NO;
			};
			name = Deployment;
		};
		83D9C97A0CD8AC9C003B422F /* Development */ = {
			isa = XCBuildConfiguration;
			buildSettings = {
				COPY_PHASE_STRIP = NO;
				GCC_DYNAMIC_NO_PIC = NO;
				GCC_GENERATE_DEBUGGING_SYMBOLS = YES;
				GCC_OPTIMIZATION_LEVEL = 0;
				PRODUCT_NAME = DeveloperDocs;
			};
			name = Development;
		};
		83D9C97B0CD8AC9C003B422F /* Deployment */ = {
			isa = XCBuildConfiguration;
			buildSettings = {
				COPY_PHASE_STRIP = YES;
				GCC_ENABLE_FIX_AND_CONTINUE = NO;
				GCC_GENERATE_DEBUGGING_SYMBOLS = NO;
				PRODUCT_NAME = DeveloperDocs;
				ZERO_LINK = NO;
			};
			name = Deployment;
		};
/* End XCBuildConfiguration section */

/* Begin XCConfigurationList section */
		23D0AFE40AA1C7F50069E6D3 /* Build configuration list for PBXNativeTarget "Genius" */ = {
			isa = XCConfigurationList;
			buildConfigurations = (
				23D0AFE50AA1C7F50069E6D3 /* Development */,
				23D0AFE60AA1C7F50069E6D3 /* Deployment */,
			);
			defaultConfigurationIsVisible = 0;
			defaultConfigurationName = Development;
		};
		23D0AFE80AA1C7F50069E6D3 /* Build configuration list for PBXProject "Genius" */ = {
			isa = XCConfigurationList;
			buildConfigurations = (
				23D0AFE90AA1C7F50069E6D3 /* Development */,
				23D0AFEA0AA1C7F50069E6D3 /* Deployment */,
			);
			defaultConfigurationIsVisible = 0;
			defaultConfigurationName = Development;
		};
		83CC1CD70CD2499C0002FFA8 /* Build configuration list for PBXNativeTarget "Testing" */ = {
			isa = XCConfigurationList;
			buildConfigurations = (
				83CC1CD80CD2499C0002FFA8 /* Development */,
				83CC1CD90CD2499C0002FFA8 /* Deployment */,
			);
			defaultConfigurationIsVisible = 0;
			defaultConfigurationName = Development;
		};
		83D9BE6F0CD110F30092858D /* Build configuration list for PBXAggregateTarget "Genius-1.7.dmg" */ = {
			isa = XCConfigurationList;
			buildConfigurations = (
				83D9BE700CD110F30092858D /* Development */,
				83D9BE710CD110F30092858D /* Deployment */,
			);
			defaultConfigurationIsVisible = 0;
			defaultConfigurationName = Development;
		};
		83D9C9790CD8AC9C003B422F /* Build configuration list for PBXAggregateTarget "DeveloperDocs" */ = {
			isa = XCConfigurationList;
			buildConfigurations = (
				83D9C97A0CD8AC9C003B422F /* Development */,
				83D9C97B0CD8AC9C003B422F /* Deployment */,
			);
			defaultConfigurationIsVisible = 0;
			defaultConfigurationName = Development;
		};
/* End XCConfigurationList section */
	};
	rootObject = 2A37F4A9FDCFA73011CA2CEA /* Project object */;
}
