// !$*UTF8*$!
{
	archiveVersion = 1;
	classes = {
	};
	objectVersion = 42;
	objects = {

/* Begin PBXBuildFile section */
		2302F580090190EC00585123 /* GeniusAssociationDataPoint.m in Sources */ = {isa = PBXBuildFile; fileRef = 2302F57F090190EC00585123 /* GeniusAssociationDataPoint.m */; };
		231A115708FF1CFB004A16ED /* GeniusAppDelegate.m in Sources */ = {isa = PBXBuildFile; fileRef = 231A113608FF1CFB004A16ED /* GeniusAppDelegate.m */; };
		231A115808FF1CFB004A16ED /* GeniusDocumentController.m in Sources */ = {isa = PBXBuildFile; fileRef = 231A113808FF1CFB004A16ED /* GeniusDocumentController.m */; };
		231A115908FF1CFB004A16ED /* GeniusHelpController.m in Sources */ = {isa = PBXBuildFile; fileRef = 231A113A08FF1CFB004A16ED /* GeniusHelpController.m */; };
		231A115A08FF1CFB004A16ED /* GeniusInspectorController.m in Sources */ = {isa = PBXBuildFile; fileRef = 231A113C08FF1CFB004A16ED /* GeniusInspectorController.m */; };
		231A115B08FF1CFB004A16ED /* GeniusPreferencesController.m in Sources */ = {isa = PBXBuildFile; fileRef = 231A113E08FF1CFB004A16ED /* GeniusPreferencesController.m */; };
		231A115C08FF1CFB004A16ED /* GeniusWindowController.m in Sources */ = {isa = PBXBuildFile; fileRef = 231A114008FF1CFB004A16ED /* GeniusWindowController.m */; };
		231A115D08FF1CFB004A16ED /* status-green.tiff in Resources */ = {isa = PBXBuildFile; fileRef = 231A114208FF1CFB004A16ED /* status-green.tiff */; };
		231A115E08FF1CFB004A16ED /* status-red.tiff in Resources */ = {isa = PBXBuildFile; fileRef = 231A114308FF1CFB004A16ED /* status-red.tiff */; };
		231A115F08FF1CFB004A16ED /* status-yellow.tiff in Resources */ = {isa = PBXBuildFile; fileRef = 231A114408FF1CFB004A16ED /* status-yellow.tiff */; };
		231A116208FF1CFB004A16ED /* GeniusScrollView.m in Sources */ = {isa = PBXBuildFile; fileRef = 231A114B08FF1CFB004A16ED /* GeniusScrollView.m */; };
		231A116308FF1CFB004A16ED /* GeniusTableView.m in Sources */ = {isa = PBXBuildFile; fileRef = 231A114D08FF1CFB004A16ED /* GeniusTableView.m */; };
		231A11C008FF1EA5004A16ED /* GeniusWindowToolbar.m in Sources */ = {isa = PBXBuildFile; fileRef = 231A11B908FF1EA5004A16ED /* GeniusWindowToolbar.m */; };
		231A11C108FF1EA5004A16ED /* info.tiff in Resources */ = {isa = PBXBuildFile; fileRef = 231A11BB08FF1EA5004A16ED /* info.tiff */; };
		231A11C208FF1EA5004A16ED /* Inspector.png in Resources */ = {isa = PBXBuildFile; fileRef = 231A11BC08FF1EA5004A16ED /* Inspector.png */; };
		231A11C308FF1EA5004A16ED /* play.tiff in Resources */ = {isa = PBXBuildFile; fileRef = 231A11BD08FF1EA5004A16ED /* play.tiff */; };
		231A11C408FF1EA5004A16ED /* Plus.png in Resources */ = {isa = PBXBuildFile; fileRef = 231A11BE08FF1EA5004A16ED /* Plus.png */; };
		231A11C508FF1EA5004A16ED /* preferences.tiff in Resources */ = {isa = PBXBuildFile; fileRef = 231A11BF08FF1EA5004A16ED /* preferences.tiff */; };
		231A11CA08FF1EBD004A16ED /* colors_16.tiff in Resources */ = {isa = PBXBuildFile; fileRef = 231A11C808FF1EBD004A16ED /* colors_16.tiff */; };
		231A11CB08FF1EBD004A16ED /* fonts_16.tiff in Resources */ = {isa = PBXBuildFile; fileRef = 231A11C908FF1EBD004A16ED /* fonts_16.tiff */; };
		23380CC608E58CE200862CBC /* GeniusAssociation.m in Sources */ = {isa = PBXBuildFile; fileRef = 23380CBE08E58CE200862CBC /* GeniusAssociation.m */; };
		23380CC708E58CE200862CBC /* GeniusAtom.m in Sources */ = {isa = PBXBuildFile; fileRef = 23380CC008E58CE200862CBC /* GeniusAtom.m */; };
		23380CC808E58CE200862CBC /* GeniusItem.m in Sources */ = {isa = PBXBuildFile; fileRef = 23380CC208E58CE200862CBC /* GeniusItem.m */; };
		23380CE408E58DFF00862CBC /* IconTextFieldCell.m in Sources */ = {isa = PBXBuildFile; fileRef = 23380CD708E58DFF00862CBC /* IconTextFieldCell.m */; };
		23443B0909436AD50070D478 /* Samples in Resources */ = {isa = PBXBuildFile; fileRef = 23443B0409436AD50070D478 /* Samples */; };
		23443B0A09436AD90070D478 /* Samples in CopyFiles */ = {isa = PBXBuildFile; fileRef = 23443B0409436AD50070D478 /* Samples */; };
		23443C4E0943827D0070D478 /* IntegerFormatter.m in Sources */ = {isa = PBXBuildFile; fileRef = 23443C4C0943827D0070D478 /* IntegerFormatter.m */; };
		2349703C08F0B0850004234D /* Localizable.strings in Resources */ = {isa = PBXBuildFile; fileRef = 2349703A08F0B0850004234D /* Localizable.strings */; };
		2349721B08F0C06D0004234D /* GeniusDocumentInfo.m in Sources */ = {isa = PBXBuildFile; fileRef = 2349721A08F0C06D0004234D /* GeniusDocumentInfo.m */; };
		234E52EC08FC5B06005FCF83 /* VisualStringDiff.m in Sources */ = {isa = PBXBuildFile; fileRef = 234E52EB08FC5B06005FCF83 /* VisualStringDiff.m */; };
		234E52F508FC5B35005FCF83 /* QuizArrayAdditions.m in Sources */ = {isa = PBXBuildFile; fileRef = 234E52F408FC5B34005FCF83 /* QuizArrayAdditions.m */; };
		234E539A08FC635B005FCF83 /* GeniusPreferences.m in Sources */ = {isa = PBXBuildFile; fileRef = 234E539908FC635B005FCF83 /* GeniusPreferences.m */; };
		234E546008FC6AED005FCF83 /* QuizBackdropWindow.m in Sources */ = {isa = PBXBuildFile; fileRef = 234E545F08FC6AED005FCF83 /* QuizBackdropWindow.m */; };
		2350E9220945D280000ADFF1 /* Genius.icns in Resources */ = {isa = PBXBuildFile; fileRef = 2350E9210945D280000ADFF1 /* Genius.icns */; };
		238127B40941E30B0001CF4D /* ImageStringFormatter.m in Sources */ = {isa = PBXBuildFile; fileRef = 238127B30941E30B0001CF4D /* ImageStringFormatter.m */; };
		23835E9C08F96C550066323F /* GeniusDocument.nib in Resources */ = {isa = PBXBuildFile; fileRef = 23835E9A08F96C550066323F /* GeniusDocument.nib */; };
		23835F1A08F970380066323F /* GeniusValueTransformers.m in Sources */ = {isa = PBXBuildFile; fileRef = 23835F1008F970380066323F /* GeniusValueTransformers.m */; };
		23835F1B08F970380066323F /* NSStringSimiliarity.m in Sources */ = {isa = PBXBuildFile; fileRef = 23835F1208F970380066323F /* NSStringSimiliarity.m */; };
		2383601508F9A1680066323F /* QuizModel.m in Sources */ = {isa = PBXBuildFile; fileRef = 2383601408F9A1680066323F /* QuizModel.m */; };
		238C58610933E10B00926AF1 /* QuizOptions.nib in Resources */ = {isa = PBXBuildFile; fileRef = 238C585F0933E10A00926AF1 /* QuizOptions.nib */; };
		238C58B20933EBFB00926AF1 /* QuizOptionsController.m in Sources */ = {isa = PBXBuildFile; fileRef = 238C58B10933EBFB00926AF1 /* QuizOptionsController.m */; };
		238C59D20934B8DF00926AF1 /* Help.nib in Resources */ = {isa = PBXBuildFile; fileRef = 238C59D00934B8DF00926AF1 /* Help.nib */; };
		238C59E60934B9BE00926AF1 /* WebKit.framework in Frameworks */ = {isa = PBXBuildFile; fileRef = 238C59E50934B9BE00926AF1 /* WebKit.framework */; };
		238C5A760934BF6200926AF1 /* Help.html in Resources */ = {isa = PBXBuildFile; fileRef = 238C5A740934BF6200926AF1 /* Help.html */; };
		238C5A790934BF6B00926AF1 /* Relax.html in Resources */ = {isa = PBXBuildFile; fileRef = 238C5A770934BF6B00926AF1 /* Relax.html */; };
		238C5BBD0934D67E00926AF1 /* NSTextViewWithLinks.m in Sources */ = {isa = PBXBuildFile; fileRef = 238C5BBC0934D67E00926AF1 /* NSTextViewWithLinks.m */; };
		239CEE7E08F9FFFE00B79606 /* Quiz.nib in Resources */ = {isa = PBXBuildFile; fileRef = 239CEE7C08F9FFFE00B79606 /* Quiz.nib */; };
		23A883BC08FEF52F00CFE9A3 /* CollapsableSplitView.m in Sources */ = {isa = PBXBuildFile; fileRef = 23A883BB08FEF52F00CFE9A3 /* CollapsableSplitView.m */; };
		23B7832808F9D6BB007CD679 /* QuizController.m in Sources */ = {isa = PBXBuildFile; fileRef = 23B7832708F9D6BB007CD679 /* QuizController.m */; };
		23B7837E08F9D7F9007CD679 /* GeniusV1FileImporter.m in Sources */ = {isa = PBXBuildFile; fileRef = 23B7837908F9D7F9007CD679 /* GeniusV1FileImporter.m */; };
		23B7837F08F9D7F9007CD679 /* GeniusV1Item.m in Sources */ = {isa = PBXBuildFile; fileRef = 23B7837B08F9D7F9007CD679 /* GeniusV1Item.m */; };
		23B7838008F9D7F9007CD679 /* GeniusV1Pair.m in Sources */ = {isa = PBXBuildFile; fileRef = 23B7837D08F9D7F9007CD679 /* GeniusV1Pair.m */; };
		23B7855E08F9E9C4007CD679 /* GeniusAssociationEnumerator.m in Sources */ = {isa = PBXBuildFile; fileRef = 23B7855D08F9E9C4007CD679 /* GeniusAssociationEnumerator.m */; };
		23B7867108F9F7C5007CD679 /* Inspector.nib in Resources */ = {isa = PBXBuildFile; fileRef = 23B7866C08F9F7C5007CD679 /* Inspector.nib */; };
		23B7867208F9F7C5007CD679 /* Preferences.nib in Resources */ = {isa = PBXBuildFile; fileRef = 23B7866E08F9F7C5007CD679 /* Preferences.nib */; };
		23D76E3E08F0D14B0072EE07 /* TODO.txt in Resources */ = {isa = PBXBuildFile; fileRef = 23D76E3D08F0D14B0072EE07 /* TODO.txt */; };
		23DC37B408FD51A600CF4BAE /* ColorView.m in Sources */ = {isa = PBXBuildFile; fileRef = 23DC37B308FD51A600CF4BAE /* ColorView.m */; };
		23FD30EF0876DB9000B75A2F /* GeniusDocument.xcdatamodel in Sources */ = {isa = PBXBuildFile; fileRef = 23FD30EE0876DB9000B75A2F /* GeniusDocument.xcdatamodel */; };
		775DFF38067A968500C5B868 /* Cocoa.framework in Frameworks */ = {isa = PBXBuildFile; fileRef = 1058C7A7FEA54F5311CA2CBB /* Cocoa.framework */; };
		8D15AC2C0486D014006FF6A4 /* Credits.rtf in Resources */ = {isa = PBXBuildFile; fileRef = 2A37F4B9FDCFA73011CA2CEA /* Credits.rtf */; };
		8D15AC2D0486D014006FF6A4 /* MainMenu.nib in Resources */ = {isa = PBXBuildFile; fileRef = 2A37F4B6FDCFA73011CA2CEA /* MainMenu.nib */; };
		8D15AC2F0486D014006FF6A4 /* InfoPlist.strings in Resources */ = {isa = PBXBuildFile; fileRef = 089C165FFE840EACC02AAC07 /* InfoPlist.strings */; };
		8D15AC310486D014006FF6A4 /* GeniusDocument.m in Sources */ = {isa = PBXBuildFile; fileRef = 2A37F4ACFDCFA73011CA2CEA /* GeniusDocument.m */; settings = {ATTRIBUTES = (); }; };
		8D15AC320486D014006FF6A4 /* main.m in Sources */ = {isa = PBXBuildFile; fileRef = 2A37F4B0FDCFA73011CA2CEA /* main.m */; settings = {ATTRIBUTES = (); }; };
/* End PBXBuildFile section */

/* Begin PBXBuildStyle section */
		4A9504D0FFE6A4CB11CA0CBA /* Development */ = {
			isa = PBXBuildStyle;
			buildSettings = {
				COPY_PHASE_STRIP = NO;
				GCC_DYNAMIC_NO_PIC = NO;
				GCC_ENABLE_FIX_AND_CONTINUE = YES;
				GCC_GENERATE_DEBUGGING_SYMBOLS = YES;
				GCC_MODEL_TUNING = G5;
				GCC_OPTIMIZATION_LEVEL = 0;
				PREBINDING = NO;
				ZERO_LINK = NO;
			};
			name = Development;
		};
		4A9504D1FFE6A4CB11CA0CBA /* Deployment */ = {
			isa = PBXBuildStyle;
			buildSettings = {
				COPY_PHASE_STRIP = YES;
				GCC_ENABLE_FIX_AND_CONTINUE = NO;
				GCC_MODEL_TUNING = G5;
				PREBINDING = NO;
				ZERO_LINK = NO;
			};
			name = Deployment;
		};
/* End PBXBuildStyle section */

/* Begin PBXCopyFilesBuildPhase section */
		2303020F09436A27003919FC /* CopyFiles */ = {
			isa = PBXCopyFilesBuildPhase;
			buildActionMask = 12;
			dstPath = "";
			dstSubfolderSpec = 16;
			files = (
				23443B0A09436AD90070D478 /* Samples in CopyFiles */,
			);
			runOnlyForDeploymentPostprocessing = 0;
		};
/* End PBXCopyFilesBuildPhase section */

/* Begin PBXFileReference section */
		089C1660FE840EACC02AAC07 /* English */ = {isa = PBXFileReference; fileEncoding = 10; lastKnownFileType = text.plist.strings; name = English; path = English.lproj/InfoPlist.strings; sourceTree = "<group>"; };
		1058C7A7FEA54F5311CA2CBB /* Cocoa.framework */ = {isa = PBXFileReference; lastKnownFileType = wrapper.framework; name = Cocoa.framework; path = /System/Library/Frameworks/Cocoa.framework; sourceTree = "<absolute>"; };
		2302F57E090190EC00585123 /* GeniusAssociationDataPoint.h */ = {isa = PBXFileReference; fileEncoding = 30; lastKnownFileType = sourcecode.c.h; path = GeniusAssociationDataPoint.h; sourceTree = "<group>"; };
		2302F57F090190EC00585123 /* GeniusAssociationDataPoint.m */ = {isa = PBXFileReference; fileEncoding = 30; lastKnownFileType = sourcecode.c.objc; path = GeniusAssociationDataPoint.m; sourceTree = "<group>"; };
		231A113508FF1CFB004A16ED /* GeniusAppDelegate.h */ = {isa = PBXFileReference; fileEncoding = 30; lastKnownFileType = sourcecode.c.h; path = GeniusAppDelegate.h; sourceTree = "<group>"; };
		231A113608FF1CFB004A16ED /* GeniusAppDelegate.m */ = {isa = PBXFileReference; fileEncoding = 30; lastKnownFileType = sourcecode.c.objc; path = GeniusAppDelegate.m; sourceTree = "<group>"; };
		231A113708FF1CFB004A16ED /* GeniusDocumentController.h */ = {isa = PBXFileReference; fileEncoding = 30; lastKnownFileType = sourcecode.c.h; path = GeniusDocumentController.h; sourceTree = "<group>"; };
		231A113808FF1CFB004A16ED /* GeniusDocumentController.m */ = {isa = PBXFileReference; fileEncoding = 30; lastKnownFileType = sourcecode.c.objc; path = GeniusDocumentController.m; sourceTree = "<group>"; };
		231A113908FF1CFB004A16ED /* GeniusHelpController.h */ = {isa = PBXFileReference; fileEncoding = 30; lastKnownFileType = sourcecode.c.h; path = GeniusHelpController.h; sourceTree = "<group>"; };
		231A113A08FF1CFB004A16ED /* GeniusHelpController.m */ = {isa = PBXFileReference; fileEncoding = 30; lastKnownFileType = sourcecode.c.objc; path = GeniusHelpController.m; sourceTree = "<group>"; };
		231A113B08FF1CFB004A16ED /* GeniusInspectorController.h */ = {isa = PBXFileReference; fileEncoding = 30; lastKnownFileType = sourcecode.c.h; path = GeniusInspectorController.h; sourceTree = "<group>"; };
		231A113C08FF1CFB004A16ED /* GeniusInspectorController.m */ = {isa = PBXFileReference; fileEncoding = 30; lastKnownFileType = sourcecode.c.objc; path = GeniusInspectorController.m; sourceTree = "<group>"; };
		231A113D08FF1CFB004A16ED /* GeniusPreferencesController.h */ = {isa = PBXFileReference; fileEncoding = 30; lastKnownFileType = sourcecode.c.h; path = GeniusPreferencesController.h; sourceTree = "<group>"; };
		231A113E08FF1CFB004A16ED /* GeniusPreferencesController.m */ = {isa = PBXFileReference; fileEncoding = 30; lastKnownFileType = sourcecode.c.objc; path = GeniusPreferencesController.m; sourceTree = "<group>"; };
		231A113F08FF1CFB004A16ED /* GeniusWindowController.h */ = {isa = PBXFileReference; fileEncoding = 30; lastKnownFileType = sourcecode.c.h; path = GeniusWindowController.h; sourceTree = "<group>"; };
		231A114008FF1CFB004A16ED /* GeniusWindowController.m */ = {isa = PBXFileReference; fileEncoding = 30; lastKnownFileType = sourcecode.c.objc; path = GeniusWindowController.m; sourceTree = "<group>"; };
		231A114208FF1CFB004A16ED /* status-green.tiff */ = {isa = PBXFileReference; lastKnownFileType = image.tiff; path = "status-green.tiff"; sourceTree = "<group>"; };
		231A114308FF1CFB004A16ED /* status-red.tiff */ = {isa = PBXFileReference; lastKnownFileType = image.tiff; path = "status-red.tiff"; sourceTree = "<group>"; };
		231A114408FF1CFB004A16ED /* status-yellow.tiff */ = {isa = PBXFileReference; lastKnownFileType = image.tiff; path = "status-yellow.tiff"; sourceTree = "<group>"; };
		231A114A08FF1CFB004A16ED /* GeniusScrollView.h */ = {isa = PBXFileReference; fileEncoding = 30; lastKnownFileType = sourcecode.c.h; path = GeniusScrollView.h; sourceTree = "<group>"; };
		231A114B08FF1CFB004A16ED /* GeniusScrollView.m */ = {isa = PBXFileReference; fileEncoding = 30; lastKnownFileType = sourcecode.c.objc; path = GeniusScrollView.m; sourceTree = "<group>"; };
		231A114C08FF1CFB004A16ED /* GeniusTableView.h */ = {isa = PBXFileReference; fileEncoding = 30; lastKnownFileType = sourcecode.c.h; path = GeniusTableView.h; sourceTree = "<group>"; };
		231A114D08FF1CFB004A16ED /* GeniusTableView.m */ = {isa = PBXFileReference; fileEncoding = 30; lastKnownFileType = sourcecode.c.objc; path = GeniusTableView.m; sourceTree = "<group>"; };
		231A11B808FF1EA5004A16ED /* GeniusWindowToolbar.h */ = {isa = PBXFileReference; fileEncoding = 30; lastKnownFileType = sourcecode.c.h; path = GeniusWindowToolbar.h; sourceTree = "<group>"; };
		231A11B908FF1EA5004A16ED /* GeniusWindowToolbar.m */ = {isa = PBXFileReference; fileEncoding = 30; lastKnownFileType = sourcecode.c.objc; path = GeniusWindowToolbar.m; sourceTree = "<group>"; };
		231A11BB08FF1EA5004A16ED /* info.tiff */ = {isa = PBXFileReference; lastKnownFileType = image.tiff; path = info.tiff; sourceTree = "<group>"; };
		231A11BC08FF1EA5004A16ED /* Inspector.png */ = {isa = PBXFileReference; lastKnownFileType = image.png; path = Inspector.png; sourceTree = "<group>"; };
		231A11BD08FF1EA5004A16ED /* play.tiff */ = {isa = PBXFileReference; lastKnownFileType = image.tiff; path = play.tiff; sourceTree = "<group>"; };
		231A11BE08FF1EA5004A16ED /* Plus.png */ = {isa = PBXFileReference; lastKnownFileType = image.png; path = Plus.png; sourceTree = "<group>"; };
		231A11BF08FF1EA5004A16ED /* preferences.tiff */ = {isa = PBXFileReference; lastKnownFileType = image.tiff; path = preferences.tiff; sourceTree = "<group>"; };
		231A11C808FF1EBD004A16ED /* colors_16.tiff */ = {isa = PBXFileReference; lastKnownFileType = image.tiff; path = colors_16.tiff; sourceTree = "<group>"; };
		231A11C908FF1EBD004A16ED /* fonts_16.tiff */ = {isa = PBXFileReference; lastKnownFileType = image.tiff; path = fonts_16.tiff; sourceTree = "<group>"; };
		23380CBD08E58CE200862CBC /* GeniusAssociation.h */ = {isa = PBXFileReference; fileEncoding = 30; lastKnownFileType = sourcecode.c.h; path = GeniusAssociation.h; sourceTree = "<group>"; };
		23380CBE08E58CE200862CBC /* GeniusAssociation.m */ = {isa = PBXFileReference; fileEncoding = 30; lastKnownFileType = sourcecode.c.objc; path = GeniusAssociation.m; sourceTree = "<group>"; };
		23380CBF08E58CE200862CBC /* GeniusAtom.h */ = {isa = PBXFileReference; fileEncoding = 30; lastKnownFileType = sourcecode.c.h; path = GeniusAtom.h; sourceTree = "<group>"; };
		23380CC008E58CE200862CBC /* GeniusAtom.m */ = {isa = PBXFileReference; fileEncoding = 30; lastKnownFileType = sourcecode.c.objc; path = GeniusAtom.m; sourceTree = "<group>"; };
		23380CC108E58CE200862CBC /* GeniusItem.h */ = {isa = PBXFileReference; fileEncoding = 30; lastKnownFileType = sourcecode.c.h; path = GeniusItem.h; sourceTree = "<group>"; };
		23380CC208E58CE200862CBC /* GeniusItem.m */ = {isa = PBXFileReference; fileEncoding = 30; lastKnownFileType = sourcecode.c.objc; path = GeniusItem.m; sourceTree = "<group>"; };
		23380CD608E58DFF00862CBC /* IconTextFieldCell.h */ = {isa = PBXFileReference; fileEncoding = 30; lastKnownFileType = sourcecode.c.h; path = IconTextFieldCell.h; sourceTree = "<group>"; };
		23380CD708E58DFF00862CBC /* IconTextFieldCell.m */ = {isa = PBXFileReference; fileEncoding = 30; lastKnownFileType = sourcecode.c.objc; path = IconTextFieldCell.m; sourceTree = "<group>"; };
		23443B0409436AD50070D478 /* Samples */ = {isa = PBXFileReference; lastKnownFileType = folder; name = Samples; path = UserDocs/Samples; sourceTree = "<group>"; };
		23443C4B0943827D0070D478 /* IntegerFormatter.h */ = {isa = PBXFileReference; fileEncoding = 4; lastKnownFileType = sourcecode.c.h; path = IntegerFormatter.h; sourceTree = "<group>"; };
		23443C4C0943827D0070D478 /* IntegerFormatter.m */ = {isa = PBXFileReference; fileEncoding = 4; lastKnownFileType = sourcecode.c.objc; path = IntegerFormatter.m; sourceTree = "<group>"; };
		2349703B08F0B0850004234D /* English */ = {isa = PBXFileReference; fileEncoding = 10; lastKnownFileType = text.plist.strings; name = English; path = English.lproj/Localizable.strings; sourceTree = "<group>"; };
		2349721908F0C06D0004234D /* GeniusDocumentInfo.h */ = {isa = PBXFileReference; fileEncoding = 4; lastKnownFileType = sourcecode.c.h; path = GeniusDocumentInfo.h; sourceTree = "<group>"; };
		2349721A08F0C06D0004234D /* GeniusDocumentInfo.m */ = {isa = PBXFileReference; fileEncoding = 4; lastKnownFileType = sourcecode.c.objc; path = GeniusDocumentInfo.m; sourceTree = "<group>"; };
		234E52EA08FC5B06005FCF83 /* VisualStringDiff.h */ = {isa = PBXFileReference; fileEncoding = 30; lastKnownFileType = sourcecode.c.h; path = VisualStringDiff.h; sourceTree = "<group>"; };
		234E52EB08FC5B06005FCF83 /* VisualStringDiff.m */ = {isa = PBXFileReference; fileEncoding = 30; lastKnownFileType = sourcecode.c.objc; path = VisualStringDiff.m; sourceTree = "<group>"; };
		234E52F308FC5B34005FCF83 /* QuizArrayAdditions.h */ = {isa = PBXFileReference; fileEncoding = 30; lastKnownFileType = sourcecode.c.h; path = QuizArrayAdditions.h; sourceTree = "<group>"; };
		234E52F408FC5B34005FCF83 /* QuizArrayAdditions.m */ = {isa = PBXFileReference; fileEncoding = 30; lastKnownFileType = sourcecode.c.objc; path = QuizArrayAdditions.m; sourceTree = "<group>"; };
		234E539808FC635B005FCF83 /* GeniusPreferences.h */ = {isa = PBXFileReference; fileEncoding = 4; lastKnownFileType = sourcecode.c.h; path = GeniusPreferences.h; sourceTree = "<group>"; };
		234E539908FC635B005FCF83 /* GeniusPreferences.m */ = {isa = PBXFileReference; fileEncoding = 4; lastKnownFileType = sourcecode.c.objc; path = GeniusPreferences.m; sourceTree = "<group>"; };
		234E545E08FC6AED005FCF83 /* QuizBackdropWindow.h */ = {isa = PBXFileReference; fileEncoding = 4; lastKnownFileType = sourcecode.c.h; path = QuizBackdropWindow.h; sourceTree = "<group>"; };
		234E545F08FC6AED005FCF83 /* QuizBackdropWindow.m */ = {isa = PBXFileReference; fileEncoding = 4; lastKnownFileType = sourcecode.c.objc; path = QuizBackdropWindow.m; sourceTree = "<group>"; };
		2350E9210945D280000ADFF1 /* Genius.icns */ = {isa = PBXFileReference; lastKnownFileType = image.icns; path = Genius.icns; sourceTree = "<group>"; };
		238127B20941E30B0001CF4D /* ImageStringFormatter.h */ = {isa = PBXFileReference; fileEncoding = 4; lastKnownFileType = sourcecode.c.h; path = ImageStringFormatter.h; sourceTree = "<group>"; };
		238127B30941E30B0001CF4D /* ImageStringFormatter.m */ = {isa = PBXFileReference; fileEncoding = 4; lastKnownFileType = sourcecode.c.objc; path = ImageStringFormatter.m; sourceTree = "<group>"; };
		23835E9B08F96C550066323F /* English */ = {isa = PBXFileReference; lastKnownFileType = wrapper.nib; name = English; path = English.lproj/GeniusDocument.nib; sourceTree = "<group>"; };
		23835F0F08F970380066323F /* GeniusValueTransformers.h */ = {isa = PBXFileReference; fileEncoding = 30; lastKnownFileType = sourcecode.c.h; path = GeniusValueTransformers.h; sourceTree = "<group>"; };
		23835F1008F970380066323F /* GeniusValueTransformers.m */ = {isa = PBXFileReference; fileEncoding = 30; lastKnownFileType = sourcecode.c.objc; path = GeniusValueTransformers.m; sourceTree = "<group>"; };
		23835F1108F970380066323F /* NSStringSimiliarity.h */ = {isa = PBXFileReference; fileEncoding = 30; lastKnownFileType = sourcecode.c.h; path = NSStringSimiliarity.h; sourceTree = "<group>"; };
		23835F1208F970380066323F /* NSStringSimiliarity.m */ = {isa = PBXFileReference; fileEncoding = 30; lastKnownFileType = sourcecode.c.objc; path = NSStringSimiliarity.m; sourceTree = "<group>"; };
		2383601308F9A1680066323F /* QuizModel.h */ = {isa = PBXFileReference; fileEncoding = 4; lastKnownFileType = sourcecode.c.h; path = QuizModel.h; sourceTree = "<group>"; };
		2383601408F9A1680066323F /* QuizModel.m */ = {isa = PBXFileReference; fileEncoding = 4; lastKnownFileType = sourcecode.c.objc; path = QuizModel.m; sourceTree = "<group>"; };
		238C58600933E10A00926AF1 /* English */ = {isa = PBXFileReference; lastKnownFileType = wrapper.nib; name = English; path = English.lproj/QuizOptions.nib; sourceTree = "<group>"; };
		238C58B00933EBFB00926AF1 /* QuizOptionsController.h */ = {isa = PBXFileReference; fileEncoding = 4; lastKnownFileType = sourcecode.c.h; path = QuizOptionsController.h; sourceTree = "<group>"; };
		238C58B10933EBFB00926AF1 /* QuizOptionsController.m */ = {isa = PBXFileReference; fileEncoding = 4; lastKnownFileType = sourcecode.c.objc; path = QuizOptionsController.m; sourceTree = "<group>"; };
		238C59D10934B8DF00926AF1 /* English */ = {isa = PBXFileReference; lastKnownFileType = wrapper.nib; name = English; path = ../Genius1/app/Resources/English.lproj/Help.nib; sourceTree = SOURCE_ROOT; };
		238C59E50934B9BE00926AF1 /* WebKit.framework */ = {isa = PBXFileReference; lastKnownFileType = wrapper.framework; name = WebKit.framework; path = /System/Library/Frameworks/WebKit.framework; sourceTree = "<absolute>"; };
		238C5A750934BF6200926AF1 /* English */ = {isa = PBXFileReference; fileEncoding = 30; lastKnownFileType = text.html; name = English; path = English.lproj/Help.html; sourceTree = "<group>"; };
		238C5A780934BF6B00926AF1 /* English */ = {isa = PBXFileReference; fileEncoding = 30; lastKnownFileType = text.html; name = English; path = English.lproj/Relax.html; sourceTree = "<group>"; };
		238C5BBB0934D67E00926AF1 /* NSTextViewWithLinks.h */ = {isa = PBXFileReference; fileEncoding = 30; lastKnownFileType = sourcecode.c.h; path = NSTextViewWithLinks.h; sourceTree = "<group>"; };
		238C5BBC0934D67E00926AF1 /* NSTextViewWithLinks.m */ = {isa = PBXFileReference; fileEncoding = 30; lastKnownFileType = sourcecode.c.objc; path = NSTextViewWithLinks.m; sourceTree = "<group>"; };
		239CEE7D08F9FFFE00B79606 /* English */ = {isa = PBXFileReference; lastKnownFileType = wrapper.nib; name = English; path = English.lproj/Quiz.nib; sourceTree = "<group>"; };
		23A883BA08FEF52F00CFE9A3 /* CollapsableSplitView.h */ = {isa = PBXFileReference; fileEncoding = 30; lastKnownFileType = sourcecode.c.h; path = CollapsableSplitView.h; sourceTree = "<group>"; };
		23A883BB08FEF52F00CFE9A3 /* CollapsableSplitView.m */ = {isa = PBXFileReference; fileEncoding = 30; lastKnownFileType = sourcecode.c.objc; path = CollapsableSplitView.m; sourceTree = "<group>"; };
		23B7832608F9D6BB007CD679 /* QuizController.h */ = {isa = PBXFileReference; fileEncoding = 4; lastKnownFileType = sourcecode.c.h; path = QuizController.h; sourceTree = "<group>"; };
		23B7832708F9D6BB007CD679 /* QuizController.m */ = {isa = PBXFileReference; fileEncoding = 4; lastKnownFileType = sourcecode.c.objc; path = QuizController.m; sourceTree = "<group>"; };
		23B7837808F9D7F9007CD679 /* GeniusV1FileImporter.h */ = {isa = PBXFileReference; fileEncoding = 30; lastKnownFileType = sourcecode.c.h; path = GeniusV1FileImporter.h; sourceTree = "<group>"; };
		23B7837908F9D7F9007CD679 /* GeniusV1FileImporter.m */ = {isa = PBXFileReference; fileEncoding = 30; lastKnownFileType = sourcecode.c.objc; path = GeniusV1FileImporter.m; sourceTree = "<group>"; };
		23B7837A08F9D7F9007CD679 /* GeniusV1Item.h */ = {isa = PBXFileReference; fileEncoding = 30; lastKnownFileType = sourcecode.c.h; path = GeniusV1Item.h; sourceTree = "<group>"; };
		23B7837B08F9D7F9007CD679 /* GeniusV1Item.m */ = {isa = PBXFileReference; fileEncoding = 30; lastKnownFileType = sourcecode.c.objc; path = GeniusV1Item.m; sourceTree = "<group>"; };
		23B7837C08F9D7F9007CD679 /* GeniusV1Pair.h */ = {isa = PBXFileReference; fileEncoding = 30; lastKnownFileType = sourcecode.c.h; path = GeniusV1Pair.h; sourceTree = "<group>"; };
		23B7837D08F9D7F9007CD679 /* GeniusV1Pair.m */ = {isa = PBXFileReference; fileEncoding = 30; lastKnownFileType = sourcecode.c.objc; path = GeniusV1Pair.m; sourceTree = "<group>"; };
		23B7855C08F9E9C4007CD679 /* GeniusAssociationEnumerator.h */ = {isa = PBXFileReference; fileEncoding = 4; lastKnownFileType = sourcecode.c.h; path = GeniusAssociationEnumerator.h; sourceTree = "<group>"; };
		23B7855D08F9E9C4007CD679 /* GeniusAssociationEnumerator.m */ = {isa = PBXFileReference; fileEncoding = 4; lastKnownFileType = sourcecode.c.objc; path = GeniusAssociationEnumerator.m; sourceTree = "<group>"; };
		23B7866D08F9F7C5007CD679 /* English */ = {isa = PBXFileReference; lastKnownFileType = wrapper.nib; name = English; path = English.lproj/Inspector.nib; sourceTree = "<group>"; };
		23B7866F08F9F7C5007CD679 /* English */ = {isa = PBXFileReference; lastKnownFileType = wrapper.nib; name = English; path = English.lproj/Preferences.nib; sourceTree = "<group>"; };
		23D76E3D08F0D14B0072EE07 /* TODO.txt */ = {isa = PBXFileReference; fileEncoding = 30; lastKnownFileType = text; path = TODO.txt; sourceTree = "<group>"; };
		23DC37B208FD51A600CF4BAE /* ColorView.h */ = {isa = PBXFileReference; fileEncoding = 4; lastKnownFileType = sourcecode.c.h; path = ColorView.h; sourceTree = "<group>"; };
		23DC37B308FD51A600CF4BAE /* ColorView.m */ = {isa = PBXFileReference; fileEncoding = 4; lastKnownFileType = sourcecode.c.objc; path = ColorView.m; sourceTree = "<group>"; };
		23FD30EE0876DB9000B75A2F /* GeniusDocument.xcdatamodel */ = {isa = PBXFileReference; fileEncoding = 30; lastKnownFileType = wrapper.xcdatamodel; path = GeniusDocument.xcdatamodel; sourceTree = "<group>"; };
		2A37F4ACFDCFA73011CA2CEA /* GeniusDocument.m */ = {isa = PBXFileReference; fileEncoding = 4; lastKnownFileType = sourcecode.c.objc; path = GeniusDocument.m; sourceTree = "<group>"; };
		2A37F4AEFDCFA73011CA2CEA /* GeniusDocument.h */ = {isa = PBXFileReference; fileEncoding = 4; lastKnownFileType = sourcecode.c.h; path = GeniusDocument.h; sourceTree = "<group>"; };
		2A37F4B0FDCFA73011CA2CEA /* main.m */ = {isa = PBXFileReference; fileEncoding = 4; lastKnownFileType = sourcecode.c.objc; path = main.m; sourceTree = "<group>"; };
		2A37F4B7FDCFA73011CA2CEA /* English */ = {isa = PBXFileReference; lastKnownFileType = wrapper.nib; name = English; path = English.lproj/MainMenu.nib; sourceTree = "<group>"; };
		2A37F4BAFDCFA73011CA2CEA /* English */ = {isa = PBXFileReference; lastKnownFileType = text.rtf; name = English; path = English.lproj/Credits.rtf; sourceTree = "<group>"; };
		2A37F4C4FDCFA73011CA2CEA /* AppKit.framework */ = {isa = PBXFileReference; lastKnownFileType = wrapper.framework; name = AppKit.framework; path = /System/Library/Frameworks/AppKit.framework; sourceTree = "<absolute>"; };
		2A37F4C5FDCFA73011CA2CEA /* Foundation.framework */ = {isa = PBXFileReference; lastKnownFileType = wrapper.framework; name = Foundation.framework; path = /System/Library/Frameworks/Foundation.framework; sourceTree = "<absolute>"; };
		32DBCF750370BD2300C91783 /* Genius2_Prefix.pch */ = {isa = PBXFileReference; fileEncoding = 4; lastKnownFileType = sourcecode.c.h; path = Genius2_Prefix.pch; sourceTree = "<group>"; };
		7788DA0506752A1600599AAD /* CoreData.framework */ = {isa = PBXFileReference; lastKnownFileType = wrapper.framework; name = CoreData.framework; path = /System/Library/Frameworks/CoreData.framework; sourceTree = "<absolute>"; };
		8D15AC360486D014006FF6A4 /* Info.plist */ = {isa = PBXFileReference; fileEncoding = 4; lastKnownFileType = text.plist; path = Info.plist; sourceTree = "<group>"; };
		8D15AC370486D014006FF6A4 /* Genius.app */ = {isa = PBXFileReference; includeInIndex = 0; lastKnownFileType = wrapper.application; path = Genius.app; sourceTree = BUILT_PRODUCTS_DIR; };
/* End PBXFileReference section */

/* Begin PBXFrameworksBuildPhase section */
		8D15AC330486D014006FF6A4 /* Frameworks */ = {
			isa = PBXFrameworksBuildPhase;
			buildActionMask = 2147483647;
			files = (
				775DFF38067A968500C5B868 /* Cocoa.framework in Frameworks */,
				238C59E60934B9BE00926AF1 /* WebKit.framework in Frameworks */,
			);
			runOnlyForDeploymentPostprocessing = 0;
		};
/* End PBXFrameworksBuildPhase section */

/* Begin PBXGroup section */
		1058C7A6FEA54F5311CA2CBB /* Linked Frameworks */ = {
			isa = PBXGroup;
			children = (
				1058C7A7FEA54F5311CA2CBB /* Cocoa.framework */,
			);
			name = "Linked Frameworks";
			sourceTree = "<group>";
		};
		1058C7A8FEA54F5311CA2CBB /* Other Frameworks */ = {
			isa = PBXGroup;
			children = (
				2A37F4C5FDCFA73011CA2CEA /* Foundation.framework */,
				7788DA0506752A1600599AAD /* CoreData.framework */,
				2A37F4C4FDCFA73011CA2CEA /* AppKit.framework */,
				238C59E50934B9BE00926AF1 /* WebKit.framework */,
			);
			name = "Other Frameworks";
			sourceTree = "<group>";
		};
		19C28FB0FE9D524F11CA2CBB /* Products */ = {
			isa = PBXGroup;
			children = (
				8D15AC370486D014006FF6A4 /* Genius.app */,
			);
			name = Products;
			sourceTree = "<group>";
		};
		231A113408FF1CFB004A16ED /* Controllers */ = {
			isa = PBXGroup;
			children = (
				231A113508FF1CFB004A16ED /* GeniusAppDelegate.h */,
				231A113608FF1CFB004A16ED /* GeniusAppDelegate.m */,
				231A113708FF1CFB004A16ED /* GeniusDocumentController.h */,
				231A113808FF1CFB004A16ED /* GeniusDocumentController.m */,
				231A113F08FF1CFB004A16ED /* GeniusWindowController.h */,
				231A114008FF1CFB004A16ED /* GeniusWindowController.m */,
				231A11B808FF1EA5004A16ED /* GeniusWindowToolbar.h */,
				231A11B908FF1EA5004A16ED /* GeniusWindowToolbar.m */,
				231A113B08FF1CFB004A16ED /* GeniusInspectorController.h */,
				231A113C08FF1CFB004A16ED /* GeniusInspectorController.m */,
				231A113D08FF1CFB004A16ED /* GeniusPreferencesController.h */,
				231A113E08FF1CFB004A16ED /* GeniusPreferencesController.m */,
				231A113908FF1CFB004A16ED /* GeniusHelpController.h */,
				231A113A08FF1CFB004A16ED /* GeniusHelpController.m */,
				231A114108FF1CFB004A16ED /* status-images */,
				231A11BA08FF1EA5004A16ED /* toolbar-images */,
			);
			path = Controllers;
			sourceTree = "<group>";
		};
		231A114108FF1CFB004A16ED /* status-images */ = {
			isa = PBXGroup;
			children = (
				231A114208FF1CFB004A16ED /* status-green.tiff */,
				231A114308FF1CFB004A16ED /* status-red.tiff */,
				231A114408FF1CFB004A16ED /* status-yellow.tiff */,
			);
			path = "status-images";
			sourceTree = "<group>";
		};
		231A114508FF1CFB004A16ED /* View */ = {
			isa = PBXGroup;
			children = (
				231A114A08FF1CFB004A16ED /* GeniusScrollView.h */,
				231A114B08FF1CFB004A16ED /* GeniusScrollView.m */,
				231A114C08FF1CFB004A16ED /* GeniusTableView.h */,
				231A114D08FF1CFB004A16ED /* GeniusTableView.m */,
				231A11C708FF1EBD004A16ED /* Images */,
			);
			path = View;
			sourceTree = "<group>";
		};
		231A11BA08FF1EA5004A16ED /* toolbar-images */ = {
			isa = PBXGroup;
			children = (
				231A11BB08FF1EA5004A16ED /* info.tiff */,
				231A11BC08FF1EA5004A16ED /* Inspector.png */,
				231A11BD08FF1EA5004A16ED /* play.tiff */,
				231A11BE08FF1EA5004A16ED /* Plus.png */,
				231A11BF08FF1EA5004A16ED /* preferences.tiff */,
			);
			path = "toolbar-images";
			sourceTree = "<group>";
		};
		231A11C708FF1EBD004A16ED /* Images */ = {
			isa = PBXGroup;
			children = (
				231A11C808FF1EBD004A16ED /* colors_16.tiff */,
				231A11C908FF1EBD004A16ED /* fonts_16.tiff */,
			);
			path = Images;
			sourceTree = "<group>";
		};
		2326D1BE08FC34A600FACA07 /* Classes */ = {
			isa = PBXGroup;
			children = (
				2A37F4ABFDCFA73011CA2CEA /* App Classes */,
				23380CB508E58CE200862CBC /* Model Classes */,
				23835F1308F970380066323F /* Quiz Classes */,
				23835F0E08F970380066323F /* Additions */,
			);
			name = Classes;
			sourceTree = "<group>";
		};
		23380CB508E58CE200862CBC /* Model Classes */ = {
			isa = PBXGroup;
			children = (
				23380CC108E58CE200862CBC /* GeniusItem.h */,
				23380CC208E58CE200862CBC /* GeniusItem.m */,
				23380CBF08E58CE200862CBC /* GeniusAtom.h */,
				23380CC008E58CE200862CBC /* GeniusAtom.m */,
				23380CBD08E58CE200862CBC /* GeniusAssociation.h */,
				23380CBE08E58CE200862CBC /* GeniusAssociation.m */,
				2302F57E090190EC00585123 /* GeniusAssociationDataPoint.h */,
				2302F57F090190EC00585123 /* GeniusAssociationDataPoint.m */,
				2349721908F0C06D0004234D /* GeniusDocumentInfo.h */,
				2349721A08F0C06D0004234D /* GeniusDocumentInfo.m */,
				23B7837708F9D7F9007CD679 /* compatibility */,
				234E539808FC635B005FCF83 /* GeniusPreferences.h */,
				234E539908FC635B005FCF83 /* GeniusPreferences.m */,
			);
			name = "Model Classes";
			path = Model;
			sourceTree = "<group>";
		};
		23380CD508E58DFF00862CBC /* Widgets */ = {
			isa = PBXGroup;
			children = (
				238C5BBB0934D67E00926AF1 /* NSTextViewWithLinks.h */,
				238C5BBC0934D67E00926AF1 /* NSTextViewWithLinks.m */,
				23A883BA08FEF52F00CFE9A3 /* CollapsableSplitView.h */,
				23A883BB08FEF52F00CFE9A3 /* CollapsableSplitView.m */,
				23380CD608E58DFF00862CBC /* IconTextFieldCell.h */,
				23380CD708E58DFF00862CBC /* IconTextFieldCell.m */,
				23DC37B208FD51A600CF4BAE /* ColorView.h */,
				23DC37B308FD51A600CF4BAE /* ColorView.m */,
				238127B20941E30B0001CF4D /* ImageStringFormatter.h */,
				238127B30941E30B0001CF4D /* ImageStringFormatter.m */,
				23443C4B0943827D0070D478 /* IntegerFormatter.h */,
				23443C4C0943827D0070D478 /* IntegerFormatter.m */,
			);
			path = Widgets;
			sourceTree = "<group>";
		};
		23443B0309436AC40070D478 /* UserDocs */ = {
			isa = PBXGroup;
			children = (
				23443B0409436AD50070D478 /* Samples */,
			);
			name = UserDocs;
			sourceTree = "<group>";
		};
		23835F0E08F970380066323F /* Additions */ = {
			isa = PBXGroup;
			children = (
				23835F0F08F970380066323F /* GeniusValueTransformers.h */,
				23835F1008F970380066323F /* GeniusValueTransformers.m */,
				23835F1108F970380066323F /* NSStringSimiliarity.h */,
				23835F1208F970380066323F /* NSStringSimiliarity.m */,
			);
			path = Additions;
			sourceTree = "<group>";
		};
		23835F1308F970380066323F /* Quiz Classes */ = {
			isa = PBXGroup;
			children = (
				23B7832608F9D6BB007CD679 /* QuizController.h */,
				23B7832708F9D6BB007CD679 /* QuizController.m */,
				238C58B00933EBFB00926AF1 /* QuizOptionsController.h */,
				238C58B10933EBFB00926AF1 /* QuizOptionsController.m */,
				2383601308F9A1680066323F /* QuizModel.h */,
				2383601408F9A1680066323F /* QuizModel.m */,
				23B7855C08F9E9C4007CD679 /* GeniusAssociationEnumerator.h */,
				23B7855D08F9E9C4007CD679 /* GeniusAssociationEnumerator.m */,
				234E52F308FC5B34005FCF83 /* QuizArrayAdditions.h */,
				234E52F408FC5B34005FCF83 /* QuizArrayAdditions.m */,
				234E52EA08FC5B06005FCF83 /* VisualStringDiff.h */,
				234E52EB08FC5B06005FCF83 /* VisualStringDiff.m */,
				234E545E08FC6AED005FCF83 /* QuizBackdropWindow.h */,
				234E545F08FC6AED005FCF83 /* QuizBackdropWindow.m */,
			);
			name = "Quiz Classes";
			path = Quiz;
			sourceTree = "<group>";
		};
		23B7837708F9D7F9007CD679 /* compatibility */ = {
			isa = PBXGroup;
			children = (
				23B7837808F9D7F9007CD679 /* GeniusV1FileImporter.h */,
				23B7837908F9D7F9007CD679 /* GeniusV1FileImporter.m */,
				23B7837A08F9D7F9007CD679 /* GeniusV1Item.h */,
				23B7837B08F9D7F9007CD679 /* GeniusV1Item.m */,
				23B7837C08F9D7F9007CD679 /* GeniusV1Pair.h */,
				23B7837D08F9D7F9007CD679 /* GeniusV1Pair.m */,
			);
			path = compatibility;
			sourceTree = "<group>";
		};
		2A37F4AAFDCFA73011CA2CEA /* Genius2 */ = {
			isa = PBXGroup;
			children = (
				23D76E3D08F0D14B0072EE07 /* TODO.txt */,
				2326D1BE08FC34A600FACA07 /* Classes */,
				E1B74B1A0667B4A90069E3BA /* Models */,
				2A37F4AFFDCFA73011CA2CEA /* Other Sources */,
				2A37F4B8FDCFA73011CA2CEA /* Resources */,
				23443B0309436AC40070D478 /* UserDocs */,
				2A37F4C3FDCFA73011CA2CEA /* Frameworks */,
				19C28FB0FE9D524F11CA2CBB /* Products */,
			);
			name = Genius2;
			sourceTree = "<group>";
		};
		2A37F4ABFDCFA73011CA2CEA /* App Classes */ = {
			isa = PBXGroup;
			children = (
				2A37F4AEFDCFA73011CA2CEA /* GeniusDocument.h */,
				2A37F4ACFDCFA73011CA2CEA /* GeniusDocument.m */,
				231A113408FF1CFB004A16ED /* Controllers */,
				231A114508FF1CFB004A16ED /* View */,
				23380CD508E58DFF00862CBC /* Widgets */,
			);
			name = "App Classes";
			sourceTree = "<group>";
		};
		2A37F4AFFDCFA73011CA2CEA /* Other Sources */ = {
			isa = PBXGroup;
			children = (
				32DBCF750370BD2300C91783 /* Genius2_Prefix.pch */,
				2A37F4B0FDCFA73011CA2CEA /* main.m */,
			);
			name = "Other Sources";
			sourceTree = "<group>";
		};
		2A37F4B8FDCFA73011CA2CEA /* Resources */ = {
			isa = PBXGroup;
			children = (
				2A37F4B9FDCFA73011CA2CEA /* Credits.rtf */,
				2A37F4B6FDCFA73011CA2CEA /* MainMenu.nib */,
				23835E9A08F96C550066323F /* GeniusDocument.nib */,
				23B7866C08F9F7C5007CD679 /* Inspector.nib */,
				23B7866E08F9F7C5007CD679 /* Preferences.nib */,
				238C59D00934B8DF00926AF1 /* Help.nib */,
				238C585F0933E10A00926AF1 /* QuizOptions.nib */,
				239CEE7C08F9FFFE00B79606 /* Quiz.nib */,
				238C5A740934BF6200926AF1 /* Help.html */,
				238C5A770934BF6B00926AF1 /* Relax.html */,
				8D15AC360486D014006FF6A4 /* Info.plist */,
				089C165FFE840EACC02AAC07 /* InfoPlist.strings */,
				2349703A08F0B0850004234D /* Localizable.strings */,
				2350E9210945D280000ADFF1 /* Genius.icns */,
			);
			name = Resources;
			sourceTree = "<group>";
		};
		2A37F4C3FDCFA73011CA2CEA /* Frameworks */ = {
			isa = PBXGroup;
			children = (
				1058C7A6FEA54F5311CA2CBB /* Linked Frameworks */,
				1058C7A8FEA54F5311CA2CBB /* Other Frameworks */,
			);
			name = Frameworks;
			sourceTree = "<group>";
		};
		E1B74B1A0667B4A90069E3BA /* Models */ = {
			isa = PBXGroup;
			children = (
				23FD30EE0876DB9000B75A2F /* GeniusDocument.xcdatamodel */,
			);
			name = Models;
			sourceTree = "<group>";
		};
/* End PBXGroup section */

/* Begin PBXNativeTarget section */
		8D15AC270486D014006FF6A4 /* Genius */ = {
			isa = PBXNativeTarget;
			buildConfigurationList = 238C58430933C1FB00926AF1 /* Build configuration list for PBXNativeTarget "Genius" */;
			buildPhases = (
				8D15AC2B0486D014006FF6A4 /* Resources */,
				8D15AC300486D014006FF6A4 /* Sources */,
				8D15AC330486D014006FF6A4 /* Frameworks */,
				2303020F09436A27003919FC /* CopyFiles */,
			);
			buildRules = (
			);
			buildSettings = {
				GCC_ENABLE_OBJC_EXCEPTIONS = YES;
				GCC_GENERATE_DEBUGGING_SYMBOLS = NO;
				GCC_MODEL_TUNING = G5;
				GCC_PRECOMPILE_PREFIX_HEADER = YES;
				GCC_PREFIX_HEADER = Genius2_Prefix.pch;
				GCC_WARN_ABOUT_RETURN_TYPE = YES;
				GCC_WARN_UNUSED_VARIABLE = YES;
				INFOPLIST_FILE = Info.plist;
				INSTALL_PATH = "$(HOME)/Applications";
				PREBINDING = NO;
				PRODUCT_NAME = Genius;
				WRAPPER_EXTENSION = app;
			};
			dependencies = (
			);
			name = Genius;
			productInstallPath = "$(HOME)/Applications";
			productName = Genius2;
			productReference = 8D15AC370486D014006FF6A4 /* Genius.app */;
			productType = "com.apple.product-type.application";
		};
/* End PBXNativeTarget section */

/* Begin PBXProject section */
		2A37F4A9FDCFA73011CA2CEA /* Project object */ = {
			isa = PBXProject;
			buildConfigurationList = 238C58470933C1FB00926AF1 /* Build configuration list for PBXProject "Genius2" */;
			buildSettings = {
			};
			buildStyles = (
				4A9504D0FFE6A4CB11CA0CBA /* Development */,
				4A9504D1FFE6A4CB11CA0CBA /* Deployment */,
			);
			hasScannedForEncodings = 1;
			mainGroup = 2A37F4AAFDCFA73011CA2CEA /* Genius2 */;
			projectDirPath = "";
			targets = (
				8D15AC270486D014006FF6A4 /* Genius */,
			);
		};
/* End PBXProject section */

/* Begin PBXResourcesBuildPhase section */
		8D15AC2B0486D014006FF6A4 /* Resources */ = {
			isa = PBXResourcesBuildPhase;
			buildActionMask = 2147483647;
			files = (
				8D15AC2C0486D014006FF6A4 /* Credits.rtf in Resources */,
				8D15AC2D0486D014006FF6A4 /* MainMenu.nib in Resources */,
				8D15AC2F0486D014006FF6A4 /* InfoPlist.strings in Resources */,
				2349703C08F0B0850004234D /* Localizable.strings in Resources */,
				23D76E3E08F0D14B0072EE07 /* TODO.txt in Resources */,
				23835E9C08F96C550066323F /* GeniusDocument.nib in Resources */,
				23B7867108F9F7C5007CD679 /* Inspector.nib in Resources */,
				23B7867208F9F7C5007CD679 /* Preferences.nib in Resources */,
				239CEE7E08F9FFFE00B79606 /* Quiz.nib in Resources */,
				231A115D08FF1CFB004A16ED /* status-green.tiff in Resources */,
				231A115E08FF1CFB004A16ED /* status-red.tiff in Resources */,
				231A115F08FF1CFB004A16ED /* status-yellow.tiff in Resources */,
				231A11C108FF1EA5004A16ED /* info.tiff in Resources */,
				231A11C208FF1EA5004A16ED /* Inspector.png in Resources */,
				231A11C308FF1EA5004A16ED /* play.tiff in Resources */,
				231A11C408FF1EA5004A16ED /* Plus.png in Resources */,
				231A11C508FF1EA5004A16ED /* preferences.tiff in Resources */,
				231A11CA08FF1EBD004A16ED /* colors_16.tiff in Resources */,
				231A11CB08FF1EBD004A16ED /* fonts_16.tiff in Resources */,
				238C58610933E10B00926AF1 /* QuizOptions.nib in Resources */,
				238C59D20934B8DF00926AF1 /* Help.nib in Resources */,
				238C5A760934BF6200926AF1 /* Help.html in Resources */,
				238C5A790934BF6B00926AF1 /* Relax.html in Resources */,
				23443B0909436AD50070D478 /* Samples in Resources */,
				2350E9220945D280000ADFF1 /* Genius.icns in Resources */,
			);
			runOnlyForDeploymentPostprocessing = 0;
		};
/* End PBXResourcesBuildPhase section */

/* Begin PBXSourcesBuildPhase section */
		8D15AC300486D014006FF6A4 /* Sources */ = {
			isa = PBXSourcesBuildPhase;
			buildActionMask = 2147483647;
			files = (
				8D15AC310486D014006FF6A4 /* GeniusDocument.m in Sources */,
				8D15AC320486D014006FF6A4 /* main.m in Sources */,
				23FD30EF0876DB9000B75A2F /* GeniusDocument.xcdatamodel in Sources */,
				23380CC608E58CE200862CBC /* GeniusAssociation.m in Sources */,
				23380CC708E58CE200862CBC /* GeniusAtom.m in Sources */,
				23380CC808E58CE200862CBC /* GeniusItem.m in Sources */,
				23380CE408E58DFF00862CBC /* IconTextFieldCell.m in Sources */,
				2349721B08F0C06D0004234D /* GeniusDocumentInfo.m in Sources */,
				23835F1A08F970380066323F /* GeniusValueTransformers.m in Sources */,
				23835F1B08F970380066323F /* NSStringSimiliarity.m in Sources */,
				2383601508F9A1680066323F /* QuizModel.m in Sources */,
				23B7832808F9D6BB007CD679 /* QuizController.m in Sources */,
				23B7837E08F9D7F9007CD679 /* GeniusV1FileImporter.m in Sources */,
				23B7837F08F9D7F9007CD679 /* GeniusV1Item.m in Sources */,
				23B7838008F9D7F9007CD679 /* GeniusV1Pair.m in Sources */,
				23B7855E08F9E9C4007CD679 /* GeniusAssociationEnumerator.m in Sources */,
				234E52EC08FC5B06005FCF83 /* VisualStringDiff.m in Sources */,
				234E52F508FC5B35005FCF83 /* QuizArrayAdditions.m in Sources */,
				234E539A08FC635B005FCF83 /* GeniusPreferences.m in Sources */,
				234E546008FC6AED005FCF83 /* QuizBackdropWindow.m in Sources */,
				23DC37B408FD51A600CF4BAE /* ColorView.m in Sources */,
				23A883BC08FEF52F00CFE9A3 /* CollapsableSplitView.m in Sources */,
				231A115708FF1CFB004A16ED /* GeniusAppDelegate.m in Sources */,
				231A115808FF1CFB004A16ED /* GeniusDocumentController.m in Sources */,
				231A115908FF1CFB004A16ED /* GeniusHelpController.m in Sources */,
				231A115A08FF1CFB004A16ED /* GeniusInspectorController.m in Sources */,
				231A115B08FF1CFB004A16ED /* GeniusPreferencesController.m in Sources */,
				231A115C08FF1CFB004A16ED /* GeniusWindowController.m in Sources */,
				231A116208FF1CFB004A16ED /* GeniusScrollView.m in Sources */,
				231A116308FF1CFB004A16ED /* GeniusTableView.m in Sources */,
				231A11C008FF1EA5004A16ED /* GeniusWindowToolbar.m in Sources */,
				2302F580090190EC00585123 /* GeniusAssociationDataPoint.m in Sources */,
				238C58B20933EBFB00926AF1 /* QuizOptionsController.m in Sources */,
				238C5BBD0934D67E00926AF1 /* NSTextViewWithLinks.m in Sources */,
				238127B40941E30B0001CF4D /* ImageStringFormatter.m in Sources */,
				23443C4E0943827D0070D478 /* IntegerFormatter.m in Sources */,
			);
			runOnlyForDeploymentPostprocessing = 0;
		};
/* End PBXSourcesBuildPhase section */

/* Begin PBXVariantGroup section */
		089C165FFE840EACC02AAC07 /* InfoPlist.strings */ = {
			isa = PBXVariantGroup;
			children = (
				089C1660FE840EACC02AAC07 /* English */,
			);
			name = InfoPlist.strings;
			sourceTree = "<group>";
		};
		2349703A08F0B0850004234D /* Localizable.strings */ = {
			isa = PBXVariantGroup;
			children = (
				2349703B08F0B0850004234D /* English */,
			);
			name = Localizable.strings;
			sourceTree = "<group>";
		};
		23835E9A08F96C550066323F /* GeniusDocument.nib */ = {
			isa = PBXVariantGroup;
			children = (
				23835E9B08F96C550066323F /* English */,
			);
			name = GeniusDocument.nib;
			sourceTree = "<group>";
		};
		238C585F0933E10A00926AF1 /* QuizOptions.nib */ = {
			isa = PBXVariantGroup;
			children = (
				238C58600933E10A00926AF1 /* English */,
			);
			name = QuizOptions.nib;
			sourceTree = "<group>";
		};
		238C59D00934B8DF00926AF1 /* Help.nib */ = {
			isa = PBXVariantGroup;
			children = (
				238C59D10934B8DF00926AF1 /* English */,
			);
			name = Help.nib;
			sourceTree = "<group>";
		};
		238C5A740934BF6200926AF1 /* Help.html */ = {
			isa = PBXVariantGroup;
			children = (
				238C5A750934BF6200926AF1 /* English */,
			);
			name = Help.html;
			sourceTree = "<group>";
		};
		238C5A770934BF6B00926AF1 /* Relax.html */ = {
			isa = PBXVariantGroup;
			children = (
				238C5A780934BF6B00926AF1 /* English */,
			);
			name = Relax.html;
			sourceTree = "<group>";
		};
		239CEE7C08F9FFFE00B79606 /* Quiz.nib */ = {
			isa = PBXVariantGroup;
			children = (
				239CEE7D08F9FFFE00B79606 /* English */,
			);
			name = Quiz.nib;
			sourceTree = "<group>";
		};
		23B7866C08F9F7C5007CD679 /* Inspector.nib */ = {
			isa = PBXVariantGroup;
			children = (
				23B7866D08F9F7C5007CD679 /* English */,
			);
			name = Inspector.nib;
			sourceTree = "<group>";
		};
		23B7866E08F9F7C5007CD679 /* Preferences.nib */ = {
			isa = PBXVariantGroup;
			children = (
				23B7866F08F9F7C5007CD679 /* English */,
			);
			name = Preferences.nib;
			sourceTree = "<group>";
		};
		2A37F4B6FDCFA73011CA2CEA /* MainMenu.nib */ = {
			isa = PBXVariantGroup;
			children = (
				2A37F4B7FDCFA73011CA2CEA /* English */,
			);
			name = MainMenu.nib;
			sourceTree = "<group>";
		};
		2A37F4B9FDCFA73011CA2CEA /* Credits.rtf */ = {
			isa = PBXVariantGroup;
			children = (
				2A37F4BAFDCFA73011CA2CEA /* English */,
			);
			name = Credits.rtf;
			sourceTree = "<group>";
		};
/* End PBXVariantGroup section */

/* Begin XCBuildConfiguration section */
		238C58440933C1FB00926AF1 /* Development */ = {
			isa = XCBuildConfiguration;
			buildSettings = {
				COPY_PHASE_STRIP = NO;
				GCC_DYNAMIC_NO_PIC = NO;
				GCC_ENABLE_FIX_AND_CONTINUE = YES;
				GCC_ENABLE_OBJC_EXCEPTIONS = YES;
				GCC_GENERATE_DEBUGGING_SYMBOLS = YES;
				GCC_MODEL_TUNING = G5;
				GCC_OPTIMIZATION_LEVEL = 0;
				GCC_PRECOMPILE_PREFIX_HEADER = YES;
				GCC_PREFIX_HEADER = Genius2_Prefix.pch;
				GCC_WARN_ABOUT_RETURN_TYPE = YES;
				GCC_WARN_UNUSED_VARIABLE = YES;
				INFOPLIST_FILE = Info.plist;
				INSTALL_PATH = "$(HOME)/Applications";
				PREBINDING = NO;
				PRODUCT_NAME = Genius;
				WRAPPER_EXTENSION = app;
				ZERO_LINK = NO;
			};
			name = Development;
		};
		238C58450933C1FB00926AF1 /* Deployment */ = {
			isa = XCBuildConfiguration;
			buildSettings = {
				COPY_PHASE_STRIP = YES;
				GCC_ENABLE_FIX_AND_CONTINUE = NO;
				GCC_ENABLE_OBJC_EXCEPTIONS = YES;
				GCC_GENERATE_DEBUGGING_SYMBOLS = NO;
				GCC_MODEL_TUNING = G5;
				GCC_PRECOMPILE_PREFIX_HEADER = YES;
				GCC_PREFIX_HEADER = Genius2_Prefix.pch;
				GCC_WARN_ABOUT_RETURN_TYPE = YES;
				GCC_WARN_UNUSED_VARIABLE = YES;
				INFOPLIST_FILE = Info.plist;
				INSTALL_PATH = "$(HOME)/Applications";
				PREBINDING = NO;
				PRODUCT_NAME = Genius;
				WRAPPER_EXTENSION = app;
				ZERO_LINK = NO;
			};
			name = Deployment;
		};
		238C58460933C1FB00926AF1 /* Default */ = {
			isa = XCBuildConfiguration;
			buildSettings = {
				GCC_ENABLE_OBJC_EXCEPTIONS = YES;
				GCC_GENERATE_DEBUGGING_SYMBOLS = NO;
				GCC_MODEL_TUNING = G5;
				GCC_PRECOMPILE_PREFIX_HEADER = YES;
				GCC_PREFIX_HEADER = Genius2_Prefix.pch;
				GCC_WARN_ABOUT_RETURN_TYPE = YES;
				GCC_WARN_UNUSED_VARIABLE = YES;
				INFOPLIST_FILE = Info.plist;
				INSTALL_PATH = "$(HOME)/Applications";
				PREBINDING = NO;
				PRODUCT_NAME = Genius;
				WRAPPER_EXTENSION = app;
			};
			name = Default;
		};
		238C58480933C1FB00926AF1 /* Development */ = {
			isa = XCBuildConfiguration;
			buildSettings = {
			};
			name = Development;
		};
		238C58490933C1FB00926AF1 /* Deployment */ = {
			isa = XCBuildConfiguration;
			buildSettings = {
			};
			name = Deployment;
		};
		238C584A0933C1FB00926AF1 /* Default */ = {
			isa = XCBuildConfiguration;
			buildSettings = {
			};
			name = Default;
		};
/* End XCBuildConfiguration section */

/* Begin XCConfigurationList section */
		238C58430933C1FB00926AF1 /* Build configuration list for PBXNativeTarget "Genius" */ = {
			isa = XCConfigurationList;
			buildConfigurations = (
				238C58440933C1FB00926AF1 /* Development */,
				238C58450933C1FB00926AF1 /* Deployment */,
				238C58460933C1FB00926AF1 /* Default */,
			);
			defaultConfigurationIsVisible = 0;
			defaultConfigurationName = Default;
		};
		238C58470933C1FB00926AF1 /* Build configuration list for PBXProject "Genius2" */ = {
			isa = XCConfigurationList;
			buildConfigurations = (
				238C58480933C1FB00926AF1 /* Development */,
				238C58490933C1FB00926AF1 /* Deployment */,
				238C584A0933C1FB00926AF1 /* Default */,
			);
			defaultConfigurationIsVisible = 0;
			defaultConfigurationName = Default;
		};
/* End XCConfigurationList section */
	};
	rootObject = 2A37F4A9FDCFA73011CA2CEA /* Project object */;
}
